{
  "object": {
    "pins": [
      {
        "package": "Compute",
        "repositoryURL": "https://github.com/vmanot/Compute.git",
        "state": {
          "branch": "master",
          "revision": "2113d0f931e36c97f62305f01ad4dc60cd793080",
          "version": null
        }
      },
      {
        "package": "Data",
        "repositoryURL": "https://github.com/vmanot/Data.git",
        "state": {
          "branch": "master",
          "revision": "e3d5c677a41121c1d62c23e8a5e217abb50e4cbb",
          "version": null
        }
      },
      {
        "package": "Filesystem",
        "repositoryURL": "https://github.com/vmanot/Filesystem",
        "state": {
          "branch": "master",
          "revision": "e988d4d35399b7f4fbf6d422d1d229d09bcd99f8",
          "version": null
        }
      },
      {
        "package": "FoundationX",
        "repositoryURL": "https://github.com/vmanot/FoundationX.git",
        "state": {
          "branch": "master",
          "revision": "9cce5ca1173e7cd5f28cf9d7b682ed5e28c06192",
          "version": null
        }
      },
      {
        "package": "Merge",
        "repositoryURL": "https://github.com/vmanot/Merge.git",
        "state": {
          "branch": "master",
          "revision": "207b01b3ffb5ef43ed8cf4275b27cb0f547931de",
          "version": null
        }
      },
      {
        "package": "POSIX",
        "repositoryURL": "https://github.com/vmanot/POSIX.git",
        "state": {
          "branch": "master",
          "revision": "e4345c617a66316712bc701d31feed433efc6cea",
          "version": null
        }
      },
      {
        "package": "Runtime",
        "repositoryURL": "https://github.com/vmanot/Runtime.git",
        "state": {
          "branch": "master",
          "revision": "bf4273ae57596fd9a8a6681408defc721203a7a7",
          "version": null
        }
      },
      {
        "package": "Swallow",
        "repositoryURL": "https://github.com/vmanot/Swallow.git",
        "state": {
          "branch": "master",
          "revision": "242dd362073d309c6feeeeb0683a02a1949e3870",
          "version": null
        }
      },
      {
        "package": "SwiftUIX",
        "repositoryURL": "https://github.com/SwiftUIX/SwiftUIX.git",
        "state": {
          "branch": "master",
          "revision": "22b91cfc55c40ef7af4dfe5ffde23b557af7ad5c",
          "version": null
        }
      }
    ]
  },
  "version": 1
}
