{
  "pins" : [
    {
      "identity" : "compute",
      "kind" : "remoteSourceControl",
      "location" : "https://github.com/vmanot/Compute.git",
      "state" : {
        "branch" : "master",
        "revision" : "c8d3770f43b8b1784cc97efa4ed5348ee1c24023"
      }
    },
    {
      "identity" : "data",
      "kind" : "remoteSourceControl",
      "location" : "https://github.com/vmanot/Data",
      "state" : {
        "branch" : "master",
        "revision" : "027798bf06a4c0775ab3ad864d1a249ee69637f0"
      }
    },
    {
      "identity" : "diagnostics",
      "kind" : "remoteSourceControl",
      "location" : "https://github.com/vmanot/Diagnostics.git",
      "state" : {
        "branch" : "master",
        "revision" : "99ff14170f649f4577357e79425cbbcd0502ea58"
      }
    },
    {
      "identity" : "filesystem",
      "kind" : "remoteSourceControl",
      "location" : "https://github.com/vmanot/Filesystem",
      "state" : {
        "branch" : "master",
        "revision" : "3f9ca6dfd7a9deb7b944b6f23ca692c0d38dfd48"
      }
    },
    {
      "identity" : "foundationx",
      "kind" : "remoteSourceControl",
      "location" : "https://github.com/vmanot/FoundationX.git",
      "state" : {
        "branch" : "master",
        "revision" : "f19dcf381ab654ce24903abdb24b35df9359648e"
      }
    },
    {
      "identity" : "merge",
      "kind" : "remoteSourceControl",
      "location" : "https://github.com/vmanot/Merge.git",
      "state" : {
        "branch" : "master",
        "revision" : "a2cfaaa11b69f2ef108eb113730aa8c825654520"
      }
    },
    {
      "identity" : "posix",
      "kind" : "remoteSourceControl",
      "location" : "https://github.com/vmanot/POSIX.git",
      "state" : {
        "branch" : "master",
        "revision" : "9a15f41c13292c801b601032505dee637a44e7a5"
      }
    },
    {
      "identity" : "runtime",
      "kind" : "remoteSourceControl",
      "location" : "https://github.com/vmanot/Runtime.git",
      "state" : {
        "branch" : "master",
        "revision" : "d7ac90fcf304d855485e05ae76743f5e12f1483b"
      }
    },
    {
      "identity" : "swallow",
      "kind" : "remoteSourceControl",
      "location" : "https://github.com/vmanot/Swallow.git",
      "state" : {
        "branch" : "master",
        "revision" : "1013fa18d456aac424cc349fc6b6c5d233cb17d1"
      }
    },
    {
      "identity" : "swift-log",
      "kind" : "remoteSourceControl",
      "location" : "https://github.com/apple/swift-log.git",
      "state" : {
        "revision" : "5d66f7ba25daf4f94100e7022febf3c75e37a6c7",
        "version" : "1.4.2"
      }
    },
    {
      "identity" : "swiftuix",
      "kind" : "remoteSourceControl",
      "location" : "https://github.com/SwiftUIX/SwiftUIX.git",
      "state" : {
        "branch" : "master",
        "revision" : "1e2b15a685d4d84bf25b34e6c058811e2824d7c1"
      }
    }
  ],
  "version" : 2
}
