{
  "pins" : [
    {
      "identity" : "compute",
      "kind" : "remoteSourceControl",
      "location" : "https://github.com/vmanot/Compute.git",
      "state" : {
        "branch" : "master",
        "revision" : "c8d3770f43b8b1784cc97efa4ed5348ee1c24023"
      }
    },
    {
      "identity" : "data",
      "kind" : "remoteSourceControl",
      "location" : "https://github.com/vmanot/Data",
      "state" : {
        "branch" : "master",
        "revision" : "3f1a619f78e8ba2b055c54b1c3006bbcdee7be60"
      }
    },
    {
      "identity" : "diagnostics",
      "kind" : "remoteSourceControl",
      "location" : "https://github.com/vmanot/Diagnostics.git",
      "state" : {
        "branch" : "master",
        "revision" : "8744e5b5f494e0bf42a8ea5201f3715817b8b10e"
      }
    },
    {
      "identity" : "filesystem",
      "kind" : "remoteSourceControl",
      "location" : "https://github.com/vmanot/Filesystem",
      "state" : {
        "branch" : "master",
        "revision" : "5df21868f573a330961b8a3c34a15bcc137d3064"
      }
    },
    {
      "identity" : "foundationx",
      "kind" : "remoteSourceControl",
      "location" : "https://github.com/vmanot/FoundationX.git",
      "state" : {
        "branch" : "master",
        "revision" : "f19dcf381ab654ce24903abdb24b35df9359648e"
      }
    },
    {
      "identity" : "merge",
      "kind" : "remoteSourceControl",
      "location" : "https://github.com/vmanot/Merge.git",
      "state" : {
        "branch" : "master",
        "revision" : "bcff83f26e116888895e59199caf409d449cf134"
      }
    },
    {
      "identity" : "posix",
      "kind" : "remoteSourceControl",
      "location" : "https://github.com/vmanot/POSIX.git",
      "state" : {
        "branch" : "master",
        "revision" : "9a15f41c13292c801b601032505dee637a44e7a5"
      }
    },
    {
      "identity" : "runtime",
      "kind" : "remoteSourceControl",
      "location" : "https://github.com/vmanot/Runtime.git",
      "state" : {
        "branch" : "master",
        "revision" : "291b2d6592ca0a733adcb6cf2a5dec356fe76459"
      }
    },
    {
      "identity" : "swallow",
      "kind" : "remoteSourceControl",
      "location" : "https://github.com/vmanot/Swallow.git",
      "state" : {
        "branch" : "master",
        "revision" : "1013fa18d456aac424cc349fc6b6c5d233cb17d1"
      }
    },
    {
      "identity" : "swiftuix",
      "kind" : "remoteSourceControl",
      "location" : "https://github.com/SwiftUIX/SwiftUIX.git",
      "state" : {
        "branch" : "master",
        "revision" : "1e2b15a685d4d84bf25b34e6c058811e2824d7c1"
      }
    }
  ],
  "version" : 2
}
