// !$*UTF8*$!
{
	archiveVersion = 1;
	classes = {
	};
	objectVersion = 55;
	objects = {

/* Begin PBXBuildFile section */
		843AD1C9270B4E6E00B6131A /* Tests_iOS.swift in Sources */ = {isa = PBXBuildFile; fileRef = 843AD1C8270B4E6E00B6131A /* Tests_iOS.swift */; };
		843AD1CB270B4E6E00B6131A /* Tests_iOSLaunchTests.swift in Sources */ = {isa = PBXBuildFile; fileRef = 843AD1CA270B4E6E00B6131A /* Tests_iOSLaunchTests.swift */; };
		843AD1D5270B4E6E00B6131A /* Tests_macOS.swift in Sources */ = {isa = PBXBuildFile; fileRef = 843AD1D4270B4E6E00B6131A /* Tests_macOS.swift */; };
		843AD1D7270B4E6E00B6131A /* Tests_macOSLaunchTests.swift in Sources */ = {isa = PBXBuildFile; fileRef = 843AD1D6270B4E6E00B6131A /* Tests_macOSLaunchTests.swift */; };
		843AD1D8270B4E6E00B6131A /* PapersApp.swift in Sources */ = {isa = PBXBuildFile; fileRef = 843AD1B0270B4E6C00B6131A /* PapersApp.swift */; };
		843AD1D9270B4E6E00B6131A /* PapersApp.swift in Sources */ = {isa = PBXBuildFile; fileRef = 843AD1B0270B4E6C00B6131A /* PapersApp.swift */; };
		843AD1DC270B4E6E00B6131A /* Assets.xcassets in Resources */ = {isa = PBXBuildFile; fileRef = 843AD1B2270B4E6E00B6131A /* Assets.xcassets */; };
		843AD1DD270B4E6E00B6131A /* Assets.xcassets in Resources */ = {isa = PBXBuildFile; fileRef = 843AD1B2270B4E6E00B6131A /* Assets.xcassets */; };
		843AD1EE270B4F8600B6131A /* SwiftUIX in Frameworks */ = {isa = PBXBuildFile; productRef = 843AD1ED270B4F8600B6131A /* SwiftUIX */; };
		843AD1F1270B4FBA00B6131A /* Filesystem in Frameworks */ = {isa = PBXBuildFile; productRef = 843AD1F0270B4FBA00B6131A /* Filesystem */; };
		843AD1FC270B501000B6131A /* 9702_s19_ms_21.pdf in Resources */ = {isa = PBXBuildFile; fileRef = 843AD1F3270B501000B6131A /* 9702_s19_ms_21.pdf */; };
		843AD1FD270B501000B6131A /* 9701_m20_qp_42.pdf in Resources */ = {isa = PBXBuildFile; fileRef = 843AD1F5270B501000B6131A /* 9701_m20_qp_42.pdf */; };
		843AD1FE270B501000B6131A /* 9702_s18_ms_21.pdf in Resources */ = {isa = PBXBuildFile; fileRef = 843AD1F6270B501000B6131A /* 9702_s18_ms_21.pdf */; };
		843AD1FF270B501000B6131A /* 9702_w20_qp_22.pdf in Resources */ = {isa = PBXBuildFile; fileRef = 843AD1F7270B501000B6131A /* 9702_w20_qp_22.pdf */; };
		843AD200270B501000B6131A /* 9702_s18_qp_42.pdf in Resources */ = {isa = PBXBuildFile; fileRef = 843AD1F8270B501000B6131A /* 9702_s18_qp_42.pdf */; };
		843AD201270B501000B6131A /* 9702_s19_qp_21.pdf in Resources */ = {isa = PBXBuildFile; fileRef = 843AD1F9270B501000B6131A /* 9702_s19_qp_21.pdf */; };
		843AD202270B501000B6131A /* 9702_s18_qp_21.pdf in Resources */ = {isa = PBXBuildFile; fileRef = 843AD1FA270B501000B6131A /* 9702_s18_qp_21.pdf */; };
		843AD228270B506D00B6131A /* PDFView.swift in Sources */ = {isa = PBXBuildFile; fileRef = 843AD21D270B506D00B6131A /* PDFView.swift */; };
		843AD22B270B506D00B6131A /* PaperContentsView.swift in Sources */ = {isa = PBXBuildFile; fileRef = 843AD220270B506D00B6131A /* PaperContentsView.swift */; };
		843AD22F270B506D00B6131A /* PapersView.swift in Sources */ = {isa = PBXBuildFile; fileRef = 843AD224270B506D00B6131A /* PapersView.swift */; };
		843AD230270B506D00B6131A /* ContentView.swift in Sources */ = {isa = PBXBuildFile; fileRef = 843AD225270B506D00B6131A /* ContentView.swift */; };
		843AD231270B506D00B6131A /* TestCrop.swift in Sources */ = {isa = PBXBuildFile; fileRef = 843AD226270B506D00B6131A /* TestCrop.swift */; };
		843AD23A270B508200B6131A /* Array<Paper>+Extensions.swift in Sources */ = {isa = PBXBuildFile; fileRef = 843AD233270B508200B6131A /* Array<Paper>+Extensions.swift */; };
		843AD23B270B508200B6131A /* PDFDocument+Extensions.swift in Sources */ = {isa = PBXBuildFile; fileRef = 843AD234270B508200B6131A /* PDFDocument+Extensions.swift */; };
		843AD23C270B508200B6131A /* String+Extensions.swift in Sources */ = {isa = PBXBuildFile; fileRef = 843AD235270B508200B6131A /* String+Extensions.swift */; };
		843AD23D270B508200B6131A /* NSRegularExpression+Extensions.swift in Sources */ = {isa = PBXBuildFile; fileRef = 843AD236270B508200B6131A /* NSRegularExpression+Extensions.swift */; };
		843AD23E270B508200B6131A /* Character+Extensions.swift in Sources */ = {isa = PBXBuildFile; fileRef = 843AD237270B508200B6131A /* Character+Extensions.swift */; };
		843AD23F270B508200B6131A /* PDFPage+Extensions.swift in Sources */ = {isa = PBXBuildFile; fileRef = 843AD238270B508200B6131A /* PDFPage+Extensions.swift */; };
		843AD240270B508200B6131A /* Color+Extensions.swift in Sources */ = {isa = PBXBuildFile; fileRef = 843AD239270B508200B6131A /* Color+Extensions.swift */; };
		843AD244270B508700B6131A /* Vision.swift in Sources */ = {isa = PBXBuildFile; fileRef = 843AD242270B508700B6131A /* Vision.swift */; };
		843AD245270B508700B6131A /* PaperRelatedDataDirectory.swift in Sources */ = {isa = PBXBuildFile; fileRef = 843AD243270B508700B6131A /* PaperRelatedDataDirectory.swift */; };
		843AD259270B508B00B6131A /* SymbolButton.swift in Sources */ = {isa = PBXBuildFile; fileRef = 843AD248270B508B00B6131A /* SymbolButton.swift */; };
		843AD25A270B508B00B6131A /* CambridgeSubject.swift in Sources */ = {isa = PBXBuildFile; fileRef = 843AD24A270B508B00B6131A /* CambridgeSubject.swift */; };
		843AD25B270B508B00B6131A /* CambridgePaperNumber.swift in Sources */ = {isa = PBXBuildFile; fileRef = 843AD24B270B508B00B6131A /* CambridgePaperNumber.swift */; };
		843AD25C270B508B00B6131A /* CambridgeQuestionPaper.swift in Sources */ = {isa = PBXBuildFile; fileRef = 843AD24C270B508B00B6131A /* CambridgeQuestionPaper.swift */; };
		843AD25D270B508B00B6131A /* CambridgePaperType.swift in Sources */ = {isa = PBXBuildFile; fileRef = 843AD24D270B508B00B6131A /* CambridgePaperType.swift */; };
		843AD25E270B508B00B6131A /* CambridgePaperVariant.swift in Sources */ = {isa = PBXBuildFile; fileRef = 843AD24E270B508B00B6131A /* CambridgePaperVariant.swift */; };
		843AD25F270B508B00B6131A /* CambridgePaperMonth.swift in Sources */ = {isa = PBXBuildFile; fileRef = 843AD24F270B508B00B6131A /* CambridgePaperMonth.swift */; };
		843AD260270B508B00B6131A /* Question.swift in Sources */ = {isa = PBXBuildFile; fileRef = 843AD250270B508B00B6131A /* Question.swift */; };
		843AD261270B508B00B6131A /* CambridgeMultipleChoicePaper.swift in Sources */ = {isa = PBXBuildFile; fileRef = 843AD251270B508B00B6131A /* CambridgeMultipleChoicePaper.swift */; };
		843AD262270B508B00B6131A /* CambridgePaperMetadata.swift in Sources */ = {isa = PBXBuildFile; fileRef = 843AD252270B508B00B6131A /* CambridgePaperMetadata.swift */; };
		843AD263270B508B00B6131A /* Answer.swift in Sources */ = {isa = PBXBuildFile; fileRef = 843AD253270B508B00B6131A /* Answer.swift */; };
		843AD264270B508B00B6131A /* CambridgeMarkscheme.swift in Sources */ = {isa = PBXBuildFile; fileRef = 843AD254270B508B00B6131A /* CambridgeMarkscheme.swift */; };
		843AD265270B508B00B6131A /* CambridgePaperPage.swift in Sources */ = {isa = PBXBuildFile; fileRef = 843AD255270B508B00B6131A /* CambridgePaperPage.swift */; };
		843AD266270B508B00B6131A /* ApplicationStore.swift in Sources */ = {isa = PBXBuildFile; fileRef = 843AD257270B508B00B6131A /* ApplicationStore.swift */; };
		843AD267270B508B00B6131A /* PapersDatabase.swift in Sources */ = {isa = PBXBuildFile; fileRef = 843AD258270B508B00B6131A /* PapersDatabase.swift */; };
		843AD273270C346500B6131A /* QuestionView.swift in Sources */ = {isa = PBXBuildFile; fileRef = 843AD272270C346500B6131A /* QuestionView.swift */; };
		843AD275270C4D6F00B6131A /* FuzzyMatching.swift in Sources */ = {isa = PBXBuildFile; fileRef = 843AD274270C4D6F00B6131A /* FuzzyMatching.swift */; };
		843CADA427524421004316BF /* MCQSolvedView.swift in Sources */ = {isa = PBXBuildFile; fileRef = 843CADA327524421004316BF /* MCQSolvedView.swift */; };
		843E445B2779C0230012FFCC /* FlashCard.swift in Sources */ = {isa = PBXBuildFile; fileRef = 843E445A2779C0230012FFCC /* FlashCard.swift */; };
		843E445D2779C1970012FFCC /* Card.swift in Sources */ = {isa = PBXBuildFile; fileRef = 843E445C2779C1970012FFCC /* Card.swift */; };
		843E445F2779D0A30012FFCC /* Animation+Extensions.swift in Sources */ = {isa = PBXBuildFile; fileRef = 843E445E2779D0A30012FFCC /* Animation+Extensions.swift */; };
		84879215272CC8D200E8ED91 /* Toolbar.swift in Sources */ = {isa = PBXBuildFile; fileRef = 84879214272CC8D200E8ED91 /* Toolbar.swift */; };
		84879217272D8FD300E8ED91 /* CambridgePaperBundle.swift in Sources */ = {isa = PBXBuildFile; fileRef = 84879216272D8FD300E8ED91 /* CambridgePaperBundle.swift */; };
		8490D56A274CB5DB00BDD6B1 /* 9702_s18_qp_11.pdf in Resources */ = {isa = PBXBuildFile; fileRef = 8490D569274CB5DB00BDD6B1 /* 9702_s18_qp_11.pdf */; };
		8490D56C274CB5E100BDD6B1 /* 9702_s18_ms_11.pdf in Resources */ = {isa = PBXBuildFile; fileRef = 8490D56B274CB5E100BDD6B1 /* 9702_s18_ms_11.pdf */; };
		8490D56E274CB5ED00BDD6B1 /* MCQView.swift in Sources */ = {isa = PBXBuildFile; fileRef = 8490D56D274CB5ED00BDD6B1 /* MCQView.swift */; };
		8490D579274E214800BDD6B1 /* CambridgeMultipleChoiceMarkscheme.swift in Sources */ = {isa = PBXBuildFile; fileRef = 8490D578274E214800BDD6B1 /* CambridgeMultipleChoiceMarkscheme.swift */; };
		84A35C41275B715500D5F9E5 /* SolvedPaperCollectionView.swift in Sources */ = {isa = PBXBuildFile; fileRef = 84A35C40275B715400D5F9E5 /* SolvedPaperCollectionView.swift */; };
		84BAC86E275F55B60021D9C1 /* 9702_s17_qp_13.pdf in Resources */ = {isa = PBXBuildFile; fileRef = 84BAC86D275F55B60021D9C1 /* 9702_s17_qp_13.pdf */; };
		84BAC870275F55C00021D9C1 /* 9702_s17_ms_13.pdf in Resources */ = {isa = PBXBuildFile; fileRef = 84BAC86F275F55C00021D9C1 /* 9702_s17_ms_13.pdf */; };
		84CD480927415C0600EC51CA /* HomeView.swift in Sources */ = {isa = PBXBuildFile; fileRef = 84CD480827415C0600EC51CA /* HomeView.swift */; };
		84CD480E274B61FC00EC51CA /* SearchView.swift in Sources */ = {isa = PBXBuildFile; fileRef = 84CD480D274B61FC00EC51CA /* SearchView.swift */; };
		84DE65D227613A70007D68BA /* Date+Extensions.swift in Sources */ = {isa = PBXBuildFile; fileRef = 84DE65D127613A6F007D68BA /* Date+Extensions.swift */; };
		84DE65D427620E67007D68BA /* QLPreviewController.swift in Sources */ = {isa = PBXBuildFile; fileRef = 84DE65D327620E67007D68BA /* QLPreviewController.swift */; };
		84DE65D627620F04007D68BA /* QuickLook.swift in Sources */ = {isa = PBXBuildFile; fileRef = 84DE65D527620F04007D68BA /* QuickLook.swift */; };
		84E541E5275039CE0087A242 /* PaperSolvedData.swift in Sources */ = {isa = PBXBuildFile; fileRef = 84E541E4275039CE0087A242 /* PaperSolvedData.swift */; };
		84ECFB302776108700827AD5 /* FlashCardView.swift in Sources */ = {isa = PBXBuildFile; fileRef = 84ECFB2F2776108700827AD5 /* FlashCardView.swift */; };
		84ECFB342776111600827AD5 /* SolvedPaperCard.swift in Sources */ = {isa = PBXBuildFile; fileRef = 84ECFB332776111600827AD5 /* SolvedPaperCard.swift */; };
		D43E520C275148D200B16961 /* DebugView.swift in Sources */ = {isa = PBXBuildFile; fileRef = D43E520B275148D200B16961 /* DebugView.swift */; };
/* End PBXBuildFile section */

/* Begin PBXContainerItemProxy section */
		843AD1C5270B4E6E00B6131A /* PBXContainerItemProxy */ = {
			isa = PBXContainerItemProxy;
			containerPortal = 843AD1AB270B4E6C00B6131A /* Project object */;
			proxyType = 1;
			remoteGlobalIDString = 843AD1B6270B4E6E00B6131A;
			remoteInfo = "Papers (iOS)";
		};
		843AD1D1270B4E6E00B6131A /* PBXContainerItemProxy */ = {
			isa = PBXContainerItemProxy;
			containerPortal = 843AD1AB270B4E6C00B6131A /* Project object */;
			proxyType = 1;
			remoteGlobalIDString = 843AD1BC270B4E6E00B6131A;
			remoteInfo = "Papers (macOS)";
		};
/* End PBXContainerItemProxy section */

/* Begin PBXFileReference section */
		843AD1B0270B4E6C00B6131A /* PapersApp.swift */ = {isa = PBXFileReference; lastKnownFileType = sourcecode.swift; path = PapersApp.swift; sourceTree = "<group>"; };
		843AD1B2270B4E6E00B6131A /* Assets.xcassets */ = {isa = PBXFileReference; lastKnownFileType = folder.assetcatalog; path = Assets.xcassets; sourceTree = "<group>"; };
		843AD1B7270B4E6E00B6131A /* Papers.app */ = {isa = PBXFileReference; explicitFileType = wrapper.application; includeInIndex = 0; path = Papers.app; sourceTree = BUILT_PRODUCTS_DIR; };
		843AD1BD270B4E6E00B6131A /* Papers.app */ = {isa = PBXFileReference; explicitFileType = wrapper.application; includeInIndex = 0; path = Papers.app; sourceTree = BUILT_PRODUCTS_DIR; };
		843AD1BF270B4E6E00B6131A /* macOS.entitlements */ = {isa = PBXFileReference; lastKnownFileType = text.plist.entitlements; path = macOS.entitlements; sourceTree = "<group>"; };
		843AD1C4270B4E6E00B6131A /* Tests iOS.xctest */ = {isa = PBXFileReference; explicitFileType = wrapper.cfbundle; includeInIndex = 0; path = "Tests iOS.xctest"; sourceTree = BUILT_PRODUCTS_DIR; };
		843AD1C8270B4E6E00B6131A /* Tests_iOS.swift */ = {isa = PBXFileReference; lastKnownFileType = sourcecode.swift; path = Tests_iOS.swift; sourceTree = "<group>"; };
		843AD1CA270B4E6E00B6131A /* Tests_iOSLaunchTests.swift */ = {isa = PBXFileReference; lastKnownFileType = sourcecode.swift; path = Tests_iOSLaunchTests.swift; sourceTree = "<group>"; };
		843AD1D0270B4E6E00B6131A /* Tests macOS.xctest */ = {isa = PBXFileReference; explicitFileType = wrapper.cfbundle; includeInIndex = 0; path = "Tests macOS.xctest"; sourceTree = BUILT_PRODUCTS_DIR; };
		843AD1D4270B4E6E00B6131A /* Tests_macOS.swift */ = {isa = PBXFileReference; lastKnownFileType = sourcecode.swift; path = Tests_macOS.swift; sourceTree = "<group>"; };
		843AD1D6270B4E6E00B6131A /* Tests_macOSLaunchTests.swift */ = {isa = PBXFileReference; lastKnownFileType = sourcecode.swift; path = Tests_macOSLaunchTests.swift; sourceTree = "<group>"; };
		843AD1F3270B501000B6131A /* 9702_s19_ms_21.pdf */ = {isa = PBXFileReference; lastKnownFileType = image.pdf; path = 9702_s19_ms_21.pdf; sourceTree = "<group>"; };
		843AD1F5270B501000B6131A /* 9701_m20_qp_42.pdf */ = {isa = PBXFileReference; lastKnownFileType = image.pdf; path = 9701_m20_qp_42.pdf; sourceTree = "<group>"; };
		843AD1F6270B501000B6131A /* 9702_s18_ms_21.pdf */ = {isa = PBXFileReference; lastKnownFileType = image.pdf; path = 9702_s18_ms_21.pdf; sourceTree = "<group>"; };
		843AD1F7270B501000B6131A /* 9702_w20_qp_22.pdf */ = {isa = PBXFileReference; lastKnownFileType = image.pdf; path = 9702_w20_qp_22.pdf; sourceTree = "<group>"; };
		843AD1F8270B501000B6131A /* 9702_s18_qp_42.pdf */ = {isa = PBXFileReference; lastKnownFileType = image.pdf; path = 9702_s18_qp_42.pdf; sourceTree = "<group>"; };
		843AD1F9270B501000B6131A /* 9702_s19_qp_21.pdf */ = {isa = PBXFileReference; lastKnownFileType = image.pdf; path = 9702_s19_qp_21.pdf; sourceTree = "<group>"; };
		843AD1FA270B501000B6131A /* 9702_s18_qp_21.pdf */ = {isa = PBXFileReference; lastKnownFileType = image.pdf; path = 9702_s18_qp_21.pdf; sourceTree = "<group>"; };
		843AD21D270B506D00B6131A /* PDFView.swift */ = {isa = PBXFileReference; fileEncoding = 4; lastKnownFileType = sourcecode.swift; path = PDFView.swift; sourceTree = "<group>"; };
		843AD220270B506D00B6131A /* PaperContentsView.swift */ = {isa = PBXFileReference; fileEncoding = 4; lastKnownFileType = sourcecode.swift; path = PaperContentsView.swift; sourceTree = "<group>"; };
		843AD224270B506D00B6131A /* PapersView.swift */ = {isa = PBXFileReference; fileEncoding = 4; lastKnownFileType = sourcecode.swift; path = PapersView.swift; sourceTree = "<group>"; };
		843AD225270B506D00B6131A /* ContentView.swift */ = {isa = PBXFileReference; fileEncoding = 4; lastKnownFileType = sourcecode.swift; path = ContentView.swift; sourceTree = "<group>"; };
		843AD226270B506D00B6131A /* TestCrop.swift */ = {isa = PBXFileReference; fileEncoding = 4; lastKnownFileType = sourcecode.swift; path = TestCrop.swift; sourceTree = "<group>"; };
		843AD233270B508200B6131A /* Array<Paper>+Extensions.swift */ = {isa = PBXFileReference; fileEncoding = 4; lastKnownFileType = sourcecode.swift; path = "Array<Paper>+Extensions.swift"; sourceTree = "<group>"; };
		843AD234270B508200B6131A /* PDFDocument+Extensions.swift */ = {isa = PBXFileReference; fileEncoding = 4; lastKnownFileType = sourcecode.swift; path = "PDFDocument+Extensions.swift"; sourceTree = "<group>"; };
		843AD235270B508200B6131A /* String+Extensions.swift */ = {isa = PBXFileReference; fileEncoding = 4; lastKnownFileType = sourcecode.swift; path = "String+Extensions.swift"; sourceTree = "<group>"; };
		843AD236270B508200B6131A /* NSRegularExpression+Extensions.swift */ = {isa = PBXFileReference; fileEncoding = 4; lastKnownFileType = sourcecode.swift; path = "NSRegularExpression+Extensions.swift"; sourceTree = "<group>"; };
		843AD237270B508200B6131A /* Character+Extensions.swift */ = {isa = PBXFileReference; fileEncoding = 4; lastKnownFileType = sourcecode.swift; path = "Character+Extensions.swift"; sourceTree = "<group>"; };
		843AD238270B508200B6131A /* PDFPage+Extensions.swift */ = {isa = PBXFileReference; fileEncoding = 4; lastKnownFileType = sourcecode.swift; path = "PDFPage+Extensions.swift"; sourceTree = "<group>"; };
		843AD239270B508200B6131A /* Color+Extensions.swift */ = {isa = PBXFileReference; fileEncoding = 4; lastKnownFileType = sourcecode.swift; path = "Color+Extensions.swift"; sourceTree = "<group>"; };
		843AD242270B508700B6131A /* Vision.swift */ = {isa = PBXFileReference; fileEncoding = 4; lastKnownFileType = sourcecode.swift; path = Vision.swift; sourceTree = "<group>"; };
		843AD243270B508700B6131A /* PaperRelatedDataDirectory.swift */ = {isa = PBXFileReference; fileEncoding = 4; lastKnownFileType = sourcecode.swift; path = PaperRelatedDataDirectory.swift; sourceTree = "<group>"; };
		843AD248270B508B00B6131A /* SymbolButton.swift */ = {isa = PBXFileReference; fileEncoding = 4; lastKnownFileType = sourcecode.swift; path = SymbolButton.swift; sourceTree = "<group>"; };
		843AD24A270B508B00B6131A /* CambridgeSubject.swift */ = {isa = PBXFileReference; fileEncoding = 4; lastKnownFileType = sourcecode.swift; path = CambridgeSubject.swift; sourceTree = "<group>"; };
		843AD24B270B508B00B6131A /* CambridgePaperNumber.swift */ = {isa = PBXFileReference; fileEncoding = 4; lastKnownFileType = sourcecode.swift; path = CambridgePaperNumber.swift; sourceTree = "<group>"; };
		843AD24C270B508B00B6131A /* CambridgeQuestionPaper.swift */ = {isa = PBXFileReference; fileEncoding = 4; lastKnownFileType = sourcecode.swift; path = CambridgeQuestionPaper.swift; sourceTree = "<group>"; };
		843AD24D270B508B00B6131A /* CambridgePaperType.swift */ = {isa = PBXFileReference; fileEncoding = 4; lastKnownFileType = sourcecode.swift; path = CambridgePaperType.swift; sourceTree = "<group>"; };
		843AD24E270B508B00B6131A /* CambridgePaperVariant.swift */ = {isa = PBXFileReference; fileEncoding = 4; lastKnownFileType = sourcecode.swift; path = CambridgePaperVariant.swift; sourceTree = "<group>"; };
		843AD24F270B508B00B6131A /* CambridgePaperMonth.swift */ = {isa = PBXFileReference; fileEncoding = 4; lastKnownFileType = sourcecode.swift; path = CambridgePaperMonth.swift; sourceTree = "<group>"; };
		843AD250270B508B00B6131A /* Question.swift */ = {isa = PBXFileReference; fileEncoding = 4; lastKnownFileType = sourcecode.swift; path = Question.swift; sourceTree = "<group>"; };
		843AD251270B508B00B6131A /* CambridgeMultipleChoicePaper.swift */ = {isa = PBXFileReference; fileEncoding = 4; lastKnownFileType = sourcecode.swift; path = CambridgeMultipleChoicePaper.swift; sourceTree = "<group>"; };
		843AD252270B508B00B6131A /* CambridgePaperMetadata.swift */ = {isa = PBXFileReference; fileEncoding = 4; lastKnownFileType = sourcecode.swift; path = CambridgePaperMetadata.swift; sourceTree = "<group>"; };
		843AD253270B508B00B6131A /* Answer.swift */ = {isa = PBXFileReference; fileEncoding = 4; lastKnownFileType = sourcecode.swift; path = Answer.swift; sourceTree = "<group>"; };
		843AD254270B508B00B6131A /* CambridgeMarkscheme.swift */ = {isa = PBXFileReference; fileEncoding = 4; lastKnownFileType = sourcecode.swift; path = CambridgeMarkscheme.swift; sourceTree = "<group>"; };
		843AD255270B508B00B6131A /* CambridgePaperPage.swift */ = {isa = PBXFileReference; fileEncoding = 4; lastKnownFileType = sourcecode.swift; path = CambridgePaperPage.swift; sourceTree = "<group>"; };
		843AD257270B508B00B6131A /* ApplicationStore.swift */ = {isa = PBXFileReference; fileEncoding = 4; lastKnownFileType = sourcecode.swift; path = ApplicationStore.swift; sourceTree = "<group>"; };
		843AD258270B508B00B6131A /* PapersDatabase.swift */ = {isa = PBXFileReference; fileEncoding = 4; lastKnownFileType = sourcecode.swift; path = PapersDatabase.swift; sourceTree = "<group>"; };
		843AD272270C346500B6131A /* QuestionView.swift */ = {isa = PBXFileReference; lastKnownFileType = sourcecode.swift; path = QuestionView.swift; sourceTree = "<group>"; };
		843AD274270C4D6F00B6131A /* FuzzyMatching.swift */ = {isa = PBXFileReference; lastKnownFileType = sourcecode.swift; path = FuzzyMatching.swift; sourceTree = "<group>"; };
		843AD276270CEB4300B6131A /* Papers--iOS--Info.plist */ = {isa = PBXFileReference; lastKnownFileType = text.plist; path = "Papers--iOS--Info.plist"; sourceTree = "<group>"; };
		843CADA327524421004316BF /* MCQSolvedView.swift */ = {isa = PBXFileReference; lastKnownFileType = sourcecode.swift; path = MCQSolvedView.swift; sourceTree = "<group>"; };
		843E445A2779C0230012FFCC /* FlashCard.swift */ = {isa = PBXFileReference; lastKnownFileType = sourcecode.swift; path = FlashCard.swift; sourceTree = "<group>"; };
		843E445C2779C1970012FFCC /* Card.swift */ = {isa = PBXFileReference; lastKnownFileType = sourcecode.swift; path = Card.swift; sourceTree = "<group>"; };
		843E445E2779D0A30012FFCC /* Animation+Extensions.swift */ = {isa = PBXFileReference; lastKnownFileType = sourcecode.swift; path = "Animation+Extensions.swift"; sourceTree = "<group>"; };
		84879214272CC8D200E8ED91 /* Toolbar.swift */ = {isa = PBXFileReference; lastKnownFileType = sourcecode.swift; path = Toolbar.swift; sourceTree = "<group>"; };
		84879216272D8FD300E8ED91 /* CambridgePaperBundle.swift */ = {isa = PBXFileReference; lastKnownFileType = sourcecode.swift; path = CambridgePaperBundle.swift; sourceTree = "<group>"; };
		8490D569274CB5DB00BDD6B1 /* 9702_s18_qp_11.pdf */ = {isa = PBXFileReference; lastKnownFileType = image.pdf; path = 9702_s18_qp_11.pdf; sourceTree = "<group>"; };
		8490D56B274CB5E100BDD6B1 /* 9702_s18_ms_11.pdf */ = {isa = PBXFileReference; lastKnownFileType = image.pdf; path = 9702_s18_ms_11.pdf; sourceTree = "<group>"; };
		8490D56D274CB5ED00BDD6B1 /* MCQView.swift */ = {isa = PBXFileReference; lastKnownFileType = sourcecode.swift; path = MCQView.swift; sourceTree = "<group>"; };
		8490D578274E214800BDD6B1 /* CambridgeMultipleChoiceMarkscheme.swift */ = {isa = PBXFileReference; lastKnownFileType = sourcecode.swift; path = CambridgeMultipleChoiceMarkscheme.swift; sourceTree = "<group>"; };
		84A35C40275B715400D5F9E5 /* SolvedPaperCollectionView.swift */ = {isa = PBXFileReference; lastKnownFileType = sourcecode.swift; path = SolvedPaperCollectionView.swift; sourceTree = "<group>"; };
		84BAC86D275F55B60021D9C1 /* 9702_s17_qp_13.pdf */ = {isa = PBXFileReference; lastKnownFileType = image.pdf; path = 9702_s17_qp_13.pdf; sourceTree = "<group>"; };
		84BAC86F275F55C00021D9C1 /* 9702_s17_ms_13.pdf */ = {isa = PBXFileReference; lastKnownFileType = image.pdf; path = 9702_s17_ms_13.pdf; sourceTree = "<group>"; };
		84CD480827415C0600EC51CA /* HomeView.swift */ = {isa = PBXFileReference; lastKnownFileType = sourcecode.swift; path = HomeView.swift; sourceTree = "<group>"; };
		84CD480D274B61FC00EC51CA /* SearchView.swift */ = {isa = PBXFileReference; lastKnownFileType = sourcecode.swift; path = SearchView.swift; sourceTree = "<group>"; };
		84DE65D127613A6F007D68BA /* Date+Extensions.swift */ = {isa = PBXFileReference; lastKnownFileType = sourcecode.swift; path = "Date+Extensions.swift"; sourceTree = "<group>"; };
		84DE65D327620E67007D68BA /* QLPreviewController.swift */ = {isa = PBXFileReference; lastKnownFileType = sourcecode.swift; path = QLPreviewController.swift; sourceTree = "<group>"; };
		84DE65D527620F04007D68BA /* QuickLook.swift */ = {isa = PBXFileReference; lastKnownFileType = sourcecode.swift; path = QuickLook.swift; sourceTree = "<group>"; };
		84E541E4275039CE0087A242 /* PaperSolvedData.swift */ = {isa = PBXFileReference; lastKnownFileType = sourcecode.swift; path = PaperSolvedData.swift; sourceTree = "<group>"; };
		84ECFB2F2776108700827AD5 /* FlashCardView.swift */ = {isa = PBXFileReference; lastKnownFileType = sourcecode.swift; path = FlashCardView.swift; sourceTree = "<group>"; };
		84ECFB332776111600827AD5 /* SolvedPaperCard.swift */ = {isa = PBXFileReference; lastKnownFileType = sourcecode.swift; path = SolvedPaperCard.swift; sourceTree = "<group>"; };
		D43E520B275148D200B16961 /* DebugView.swift */ = {isa = PBXFileReference; lastKnownFileType = sourcecode.swift; path = DebugView.swift; sourceTree = "<group>"; };
/* End PBXFileReference section */

/* Begin PBXFrameworksBuildPhase section */
		843AD1B4270B4E6E00B6131A /* Frameworks */ = {
			isa = PBXFrameworksBuildPhase;
			buildActionMask = 2147483647;
			files = (
				843AD1EE270B4F8600B6131A /* SwiftUIX in Frameworks */,
				843AD1F1270B4FBA00B6131A /* Filesystem in Frameworks */,
			);
			runOnlyForDeploymentPostprocessing = 0;
		};
		843AD1BA270B4E6E00B6131A /* Frameworks */ = {
			isa = PBXFrameworksBuildPhase;
			buildActionMask = 2147483647;
			files = (
			);
			runOnlyForDeploymentPostprocessing = 0;
		};
		843AD1C1270B4E6E00B6131A /* Frameworks */ = {
			isa = PBXFrameworksBuildPhase;
			buildActionMask = 2147483647;
			files = (
			);
			runOnlyForDeploymentPostprocessing = 0;
		};
		843AD1CD270B4E6E00B6131A /* Frameworks */ = {
			isa = PBXFrameworksBuildPhase;
			buildActionMask = 2147483647;
			files = (
			);
			runOnlyForDeploymentPostprocessing = 0;
		};
/* End PBXFrameworksBuildPhase section */

/* Begin PBXGroup section */
		843AD1AA270B4E6C00B6131A = {
			isa = PBXGroup;
			children = (
				843AD276270CEB4300B6131A /* Papers--iOS--Info.plist */,
				843AD1B0270B4E6C00B6131A /* PapersApp.swift */,
				843AD1AF270B4E6C00B6131A /* Shared */,
				843AD1BE270B4E6E00B6131A /* macOS */,
				843AD1C7270B4E6E00B6131A /* Tests iOS */,
				843AD1D3270B4E6E00B6131A /* Tests macOS */,
				843AD1B8270B4E6E00B6131A /* Products */,
			);
			sourceTree = "<group>";
		};
		843AD1AF270B4E6C00B6131A /* Shared */ = {
			isa = PBXGroup;
			children = (
				843AD1F2270B501000B6131A /* Bundle Resources */,
				843AD232270B508200B6131A /* Extensions */,
				843AD241270B508700B6131A /* Helpers */,
				843AD246270B508B00B6131A /* Models */,
				843AD21B270B506D00B6131A /* Views */,
			);
			path = Shared;
			sourceTree = "<group>";
		};
		843AD1B8270B4E6E00B6131A /* Products */ = {
			isa = PBXGroup;
			children = (
				843AD1B7270B4E6E00B6131A /* Papers.app */,
				843AD1BD270B4E6E00B6131A /* Papers.app */,
				843AD1C4270B4E6E00B6131A /* Tests iOS.xctest */,
				843AD1D0270B4E6E00B6131A /* Tests macOS.xctest */,
			);
			name = Products;
			sourceTree = "<group>";
		};
		843AD1BE270B4E6E00B6131A /* macOS */ = {
			isa = PBXGroup;
			children = (
				843AD1BF270B4E6E00B6131A /* macOS.entitlements */,
			);
			path = macOS;
			sourceTree = "<group>";
		};
		843AD1C7270B4E6E00B6131A /* Tests iOS */ = {
			isa = PBXGroup;
			children = (
				843AD1C8270B4E6E00B6131A /* Tests_iOS.swift */,
				843AD1CA270B4E6E00B6131A /* Tests_iOSLaunchTests.swift */,
			);
			path = "Tests iOS";
			sourceTree = "<group>";
		};
		843AD1D3270B4E6E00B6131A /* Tests macOS */ = {
			isa = PBXGroup;
			children = (
				843AD1D4270B4E6E00B6131A /* Tests_macOS.swift */,
				843AD1D6270B4E6E00B6131A /* Tests_macOSLaunchTests.swift */,
			);
			path = "Tests macOS";
			sourceTree = "<group>";
		};
		843AD1F2270B501000B6131A /* Bundle Resources */ = {
			isa = PBXGroup;
			children = (
				843AD1F5270B501000B6131A /* 9701_m20_qp_42.pdf */,
				8490D56B274CB5E100BDD6B1 /* 9702_s18_ms_11.pdf */,
				843AD1F6270B501000B6131A /* 9702_s18_ms_21.pdf */,
				8490D569274CB5DB00BDD6B1 /* 9702_s18_qp_11.pdf */,
				843AD1FA270B501000B6131A /* 9702_s18_qp_21.pdf */,
				843AD1F8270B501000B6131A /* 9702_s18_qp_42.pdf */,
				843AD1F3270B501000B6131A /* 9702_s19_ms_21.pdf */,
				843AD1F9270B501000B6131A /* 9702_s19_qp_21.pdf */,
				843AD1F7270B501000B6131A /* 9702_w20_qp_22.pdf */,
				84BAC86D275F55B60021D9C1 /* 9702_s17_qp_13.pdf */,
				84BAC86F275F55C00021D9C1 /* 9702_s17_ms_13.pdf */,
				843AD1B2270B4E6E00B6131A /* Assets.xcassets */,
			);
			path = "Bundle Resources";
			sourceTree = "<group>";
		};
		843AD21B270B506D00B6131A /* Views */ = {
			isa = PBXGroup;
			children = (
				843AD26E270B5A5100B6131A /* Papers */,
				843AD26A270B5A0600B6131A /* PDF */,
				84ECFB2E2775CDBE00827AD5 /* Top Level */,
			);
			path = Views;
			sourceTree = "<group>";
		};
		843AD232270B508200B6131A /* Extensions */ = {
			isa = PBXGroup;
			children = (
				843AD233270B508200B6131A /* Array<Paper>+Extensions.swift */,
				843AD237270B508200B6131A /* Character+Extensions.swift */,
				843AD239270B508200B6131A /* Color+Extensions.swift */,
				843AD236270B508200B6131A /* NSRegularExpression+Extensions.swift */,
				843AD234270B508200B6131A /* PDFDocument+Extensions.swift */,
				843AD238270B508200B6131A /* PDFPage+Extensions.swift */,
				843E445E2779D0A30012FFCC /* Animation+Extensions.swift */,
				843AD235270B508200B6131A /* String+Extensions.swift */,
				84DE65D127613A6F007D68BA /* Date+Extensions.swift */,
			);
			path = Extensions;
			sourceTree = "<group>";
		};
		843AD241270B508700B6131A /* Helpers */ = {
			isa = PBXGroup;
			children = (
				843AD243270B508700B6131A /* PaperRelatedDataDirectory.swift */,
				843AD274270C4D6F00B6131A /* FuzzyMatching.swift */,
				843AD242270B508700B6131A /* Vision.swift */,
			);
			path = Helpers;
			sourceTree = "<group>";
		};
		843AD246270B508B00B6131A /* Models */ = {
			isa = PBXGroup;
			children = (
				843AD256270B508B00B6131A /* Store */,
				843AD249270B508B00B6131A /* Cambridge Models */,
				843AD247270B508B00B6131A /* UI Elements */,
			);
			path = Models;
			sourceTree = "<group>";
		};
		843AD247270B508B00B6131A /* UI Elements */ = {
			isa = PBXGroup;
			children = (
				843AD248270B508B00B6131A /* SymbolButton.swift */,
				84879214272CC8D200E8ED91 /* Toolbar.swift */,
				843E445C2779C1970012FFCC /* Card.swift */,
			);
			path = "UI Elements";
			sourceTree = "<group>";
		};
		843AD249270B508B00B6131A /* Cambridge Models */ = {
			isa = PBXGroup;
			children = (
				843AD254270B508B00B6131A /* CambridgeMarkscheme.swift */,
				8490D578274E214800BDD6B1 /* CambridgeMultipleChoiceMarkscheme.swift */,
				843AD251270B508B00B6131A /* CambridgeMultipleChoicePaper.swift */,
				84879216272D8FD300E8ED91 /* CambridgePaperBundle.swift */,
				843AD252270B508B00B6131A /* CambridgePaperMetadata.swift */,
				843AD24F270B508B00B6131A /* CambridgePaperMonth.swift */,
				843AD24B270B508B00B6131A /* CambridgePaperNumber.swift */,
				843AD255270B508B00B6131A /* CambridgePaperPage.swift */,
				843AD24D270B508B00B6131A /* CambridgePaperType.swift */,
				843AD24E270B508B00B6131A /* CambridgePaperVariant.swift */,
				843AD24C270B508B00B6131A /* CambridgeQuestionPaper.swift */,
				843AD24A270B508B00B6131A /* CambridgeSubject.swift */,
				84E541E4275039CE0087A242 /* PaperSolvedData.swift */,
				843AD250270B508B00B6131A /* Question.swift */,
				843AD253270B508B00B6131A /* Answer.swift */,
			);
			path = "Cambridge Models";
			sourceTree = "<group>";
		};
		843AD256270B508B00B6131A /* Store */ = {
			isa = PBXGroup;
			children = (
				843AD257270B508B00B6131A /* ApplicationStore.swift */,
				843AD258270B508B00B6131A /* PapersDatabase.swift */,
			);
			path = Store;
			sourceTree = "<group>";
		};
		843AD26A270B5A0600B6131A /* PDF */ = {
			isa = PBXGroup;
			children = (
				84ECFB2D2775CD9400827AD5 /* QuickLook */,
				843AD21D270B506D00B6131A /* PDFView.swift */,
			);
			path = PDF;
			sourceTree = "<group>";
		};
		843AD26E270B5A5100B6131A /* Papers */ = {
			isa = PBXGroup;
			children = (
				8490D56D274CB5ED00BDD6B1 /* MCQView.swift */,
				84A35C40275B715400D5F9E5 /* SolvedPaperCollectionView.swift */,
				843CADA327524421004316BF /* MCQSolvedView.swift */,
				84ECFB332776111600827AD5 /* SolvedPaperCard.swift */,
				843AD220270B506D00B6131A /* PaperContentsView.swift */,
				843AD272270C346500B6131A /* QuestionView.swift */,
			);
			path = Papers;
			sourceTree = "<group>";
		};
		8488B178275734BD0029731A /* Debugging */ = {
			isa = PBXGroup;
			children = (
				D43E520B275148D200B16961 /* DebugView.swift */,
				843AD226270B506D00B6131A /* TestCrop.swift */,
			);
			path = Debugging;
			sourceTree = "<group>";
		};
		84ECFB2D2775CD9400827AD5 /* QuickLook */ = {
			isa = PBXGroup;
			children = (
				84DE65D327620E67007D68BA /* QLPreviewController.swift */,
				84DE65D527620F04007D68BA /* QuickLook.swift */,
			);
			path = QuickLook;
			sourceTree = "<group>";
		};
		84ECFB2E2775CDBE00827AD5 /* Top Level */ = {
			isa = PBXGroup;
			children = (
				843AD225270B506D00B6131A /* ContentView.swift */,
				84CD480827415C0600EC51CA /* HomeView.swift */,
				843AD224270B506D00B6131A /* PapersView.swift */,
				84CD480D274B61FC00EC51CA /* SearchView.swift */,
				8488B178275734BD0029731A /* Debugging */,
				84ECFB2F2776108700827AD5 /* FlashCardView.swift */,
				843E445A2779C0230012FFCC /* FlashCard.swift */,
			);
			path = "Top Level";
			sourceTree = "<group>";
		};
/* End PBXGroup section */

/* Begin PBXNativeTarget section */
		843AD1B6270B4E6E00B6131A /* Papers (iOS) */ = {
			isa = PBXNativeTarget;
			buildConfigurationList = 843AD1E0270B4E6E00B6131A /* Build configuration list for PBXNativeTarget "Papers (iOS)" */;
			buildPhases = (
				843AD1B3270B4E6E00B6131A /* Sources */,
				843AD1B4270B4E6E00B6131A /* Frameworks */,
				843AD1B5270B4E6E00B6131A /* Resources */,
			);
			buildRules = (
			);
			dependencies = (
			);
			name = "Papers (iOS)";
			packageProductDependencies = (
				843AD1ED270B4F8600B6131A /* SwiftUIX */,
				843AD1F0270B4FBA00B6131A /* Filesystem */,
			);
			productName = "Papers (iOS)";
			productReference = 843AD1B7270B4E6E00B6131A /* Papers.app */;
			productType = "com.apple.product-type.application";
		};
		843AD1BC270B4E6E00B6131A /* Papers (macOS) */ = {
			isa = PBXNativeTarget;
			buildConfigurationList = 843AD1E3270B4E6E00B6131A /* Build configuration list for PBXNativeTarget "Papers (macOS)" */;
			buildPhases = (
				843AD1B9270B4E6E00B6131A /* Sources */,
				843AD1BA270B4E6E00B6131A /* Frameworks */,
				843AD1BB270B4E6E00B6131A /* Resources */,
			);
			buildRules = (
			);
			dependencies = (
			);
			name = "Papers (macOS)";
			productName = "Papers (macOS)";
			productReference = 843AD1BD270B4E6E00B6131A /* Papers.app */;
			productType = "com.apple.product-type.application";
		};
		843AD1C3270B4E6E00B6131A /* Tests iOS */ = {
			isa = PBXNativeTarget;
			buildConfigurationList = 843AD1E6270B4E6E00B6131A /* Build configuration list for PBXNativeTarget "Tests iOS" */;
			buildPhases = (
				843AD1C0270B4E6E00B6131A /* Sources */,
				843AD1C1270B4E6E00B6131A /* Frameworks */,
				843AD1C2270B4E6E00B6131A /* Resources */,
			);
			buildRules = (
			);
			dependencies = (
				843AD1C6270B4E6E00B6131A /* PBXTargetDependency */,
			);
			name = "Tests iOS";
			productName = "Tests iOS";
			productReference = 843AD1C4270B4E6E00B6131A /* Tests iOS.xctest */;
			productType = "com.apple.product-type.bundle.ui-testing";
		};
		843AD1CF270B4E6E00B6131A /* Tests macOS */ = {
			isa = PBXNativeTarget;
			buildConfigurationList = 843AD1E9270B4E6E00B6131A /* Build configuration list for PBXNativeTarget "Tests macOS" */;
			buildPhases = (
				843AD1CC270B4E6E00B6131A /* Sources */,
				843AD1CD270B4E6E00B6131A /* Frameworks */,
				843AD1CE270B4E6E00B6131A /* Resources */,
			);
			buildRules = (
			);
			dependencies = (
				843AD1D2270B4E6E00B6131A /* PBXTargetDependency */,
			);
			name = "Tests macOS";
			productName = "Tests macOS";
			productReference = 843AD1D0270B4E6E00B6131A /* Tests macOS.xctest */;
			productType = "com.apple.product-type.bundle.ui-testing";
		};
/* End PBXNativeTarget section */

/* Begin PBXProject section */
		843AD1AB270B4E6C00B6131A /* Project object */ = {
			isa = PBXProject;
			attributes = {
				BuildIndependentTargetsInParallel = 1;
				LastSwiftUpdateCheck = 1300;
				LastUpgradeCheck = 1310;
				TargetAttributes = {
					843AD1B6270B4E6E00B6131A = {
						CreatedOnToolsVersion = 13.0;
					};
					843AD1BC270B4E6E00B6131A = {
						CreatedOnToolsVersion = 13.0;
					};
					843AD1C3270B4E6E00B6131A = {
						CreatedOnToolsVersion = 13.0;
						TestTargetID = 843AD1B6270B4E6E00B6131A;
					};
					843AD1CF270B4E6E00B6131A = {
						CreatedOnToolsVersion = 13.0;
						TestTargetID = 843AD1BC270B4E6E00B6131A;
					};
				};
			};
			buildConfigurationList = 843AD1AE270B4E6C00B6131A /* Build configuration list for PBXProject "Papers" */;
			compatibilityVersion = "Xcode 13.0";
			developmentRegion = en;
			hasScannedForEncodings = 0;
			knownRegions = (
				en,
				Base,
			);
			mainGroup = 843AD1AA270B4E6C00B6131A;
			packageReferences = (
				843AD1EC270B4F8600B6131A /* XCRemoteSwiftPackageReference "SwiftUIX" */,
				843AD1EF270B4FBA00B6131A /* XCRemoteSwiftPackageReference "Filesystem" */,
			);
			productRefGroup = 843AD1B8270B4E6E00B6131A /* Products */;
			projectDirPath = "";
			projectRoot = "";
			targets = (
				843AD1B6270B4E6E00B6131A /* Papers (iOS) */,
				843AD1BC270B4E6E00B6131A /* Papers (macOS) */,
				843AD1C3270B4E6E00B6131A /* Tests iOS */,
				843AD1CF270B4E6E00B6131A /* Tests macOS */,
			);
		};
/* End PBXProject section */

/* Begin PBXResourcesBuildPhase section */
		843AD1B5270B4E6E00B6131A /* Resources */ = {
			isa = PBXResourcesBuildPhase;
			buildActionMask = 2147483647;
			files = (
				84BAC870275F55C00021D9C1 /* 9702_s17_ms_13.pdf in Resources */,
				843AD1FE270B501000B6131A /* 9702_s18_ms_21.pdf in Resources */,
				843AD202270B501000B6131A /* 9702_s18_qp_21.pdf in Resources */,
				843AD1DC270B4E6E00B6131A /* Assets.xcassets in Resources */,
				843AD201270B501000B6131A /* 9702_s19_qp_21.pdf in Resources */,
				843AD1FD270B501000B6131A /* 9701_m20_qp_42.pdf in Resources */,
				8490D56A274CB5DB00BDD6B1 /* 9702_s18_qp_11.pdf in Resources */,
				843AD1FC270B501000B6131A /* 9702_s19_ms_21.pdf in Resources */,
				8490D56C274CB5E100BDD6B1 /* 9702_s18_ms_11.pdf in Resources */,
				84BAC86E275F55B60021D9C1 /* 9702_s17_qp_13.pdf in Resources */,
				843AD200270B501000B6131A /* 9702_s18_qp_42.pdf in Resources */,
				843AD1FF270B501000B6131A /* 9702_w20_qp_22.pdf in Resources */,
			);
			runOnlyForDeploymentPostprocessing = 0;
		};
		843AD1BB270B4E6E00B6131A /* Resources */ = {
			isa = PBXResourcesBuildPhase;
			buildActionMask = 2147483647;
			files = (
				843AD1DD270B4E6E00B6131A /* Assets.xcassets in Resources */,
			);
			runOnlyForDeploymentPostprocessing = 0;
		};
		843AD1C2270B4E6E00B6131A /* Resources */ = {
			isa = PBXResourcesBuildPhase;
			buildActionMask = 2147483647;
			files = (
			);
			runOnlyForDeploymentPostprocessing = 0;
		};
		843AD1CE270B4E6E00B6131A /* Resources */ = {
			isa = PBXResourcesBuildPhase;
			buildActionMask = 2147483647;
			files = (
			);
			runOnlyForDeploymentPostprocessing = 0;
		};
/* End PBXResourcesBuildPhase section */

/* Begin PBXSourcesBuildPhase section */
		843AD1B3270B4E6E00B6131A /* Sources */ = {
			isa = PBXSourcesBuildPhase;
			buildActionMask = 2147483647;
			files = (
				843E445F2779D0A30012FFCC /* Animation+Extensions.swift in Sources */,
				8490D56E274CB5ED00BDD6B1 /* MCQView.swift in Sources */,
				843AD22F270B506D00B6131A /* PapersView.swift in Sources */,
				843AD23A270B508200B6131A /* Array<Paper>+Extensions.swift in Sources */,
				84CD480927415C0600EC51CA /* HomeView.swift in Sources */,
				843AD230270B506D00B6131A /* ContentView.swift in Sources */,
				843AD260270B508B00B6131A /* Question.swift in Sources */,
				843AD23B270B508200B6131A /* PDFDocument+Extensions.swift in Sources */,
				84879217272D8FD300E8ED91 /* CambridgePaperBundle.swift in Sources */,
				843AD22B270B506D00B6131A /* PaperContentsView.swift in Sources */,
				843AD265270B508B00B6131A /* CambridgePaperPage.swift in Sources */,
				843AD25E270B508B00B6131A /* CambridgePaperVariant.swift in Sources */,
				843AD25F270B508B00B6131A /* CambridgePaperMonth.swift in Sources */,
				843AD259270B508B00B6131A /* SymbolButton.swift in Sources */,
				843AD244270B508700B6131A /* Vision.swift in Sources */,
				843AD1D8270B4E6E00B6131A /* PapersApp.swift in Sources */,
				84ECFB342776111600827AD5 /* SolvedPaperCard.swift in Sources */,
				84ECFB302776108700827AD5 /* FlashCardView.swift in Sources */,
				843AD266270B508B00B6131A /* ApplicationStore.swift in Sources */,
				843E445B2779C0230012FFCC /* FlashCard.swift in Sources */,
				84E541E5275039CE0087A242 /* PaperSolvedData.swift in Sources */,
				843AD267270B508B00B6131A /* PapersDatabase.swift in Sources */,
				843AD273270C346500B6131A /* QuestionView.swift in Sources */,
				84CD480E274B61FC00EC51CA /* SearchView.swift in Sources */,
				843AD23F270B508200B6131A /* PDFPage+Extensions.swift in Sources */,
				843AD25C270B508B00B6131A /* CambridgeQuestionPaper.swift in Sources */,
				843CADA427524421004316BF /* MCQSolvedView.swift in Sources */,
				84DE65D627620F04007D68BA /* QuickLook.swift in Sources */,
				843AD25B270B508B00B6131A /* CambridgePaperNumber.swift in Sources */,
				843AD25A270B508B00B6131A /* CambridgeSubject.swift in Sources */,
				843AD264270B508B00B6131A /* CambridgeMarkscheme.swift in Sources */,
				843E445D2779C1970012FFCC /* Card.swift in Sources */,
				843AD23E270B508200B6131A /* Character+Extensions.swift in Sources */,
				843AD23C270B508200B6131A /* String+Extensions.swift in Sources */,
				843AD231270B506D00B6131A /* TestCrop.swift in Sources */,
				84879215272CC8D200E8ED91 /* Toolbar.swift in Sources */,
				D43E520C275148D200B16961 /* DebugView.swift in Sources */,
				843AD261270B508B00B6131A /* CambridgeMultipleChoicePaper.swift in Sources */,
				843AD263270B508B00B6131A /* Answer.swift in Sources */,
				843AD228270B506D00B6131A /* PDFView.swift in Sources */,
				84DE65D227613A70007D68BA /* Date+Extensions.swift in Sources */,
				843AD23D270B508200B6131A /* NSRegularExpression+Extensions.swift in Sources */,
				84DE65D427620E67007D68BA /* QLPreviewController.swift in Sources */,
				843AD262270B508B00B6131A /* CambridgePaperMetadata.swift in Sources */,
				84A35C41275B715500D5F9E5 /* SolvedPaperCollectionView.swift in Sources */,
				843AD275270C4D6F00B6131A /* FuzzyMatching.swift in Sources */,
				8490D579274E214800BDD6B1 /* CambridgeMultipleChoiceMarkscheme.swift in Sources */,
				843AD240270B508200B6131A /* Color+Extensions.swift in Sources */,
				843AD25D270B508B00B6131A /* CambridgePaperType.swift in Sources */,
				843AD245270B508700B6131A /* PaperRelatedDataDirectory.swift in Sources */,
			);
			runOnlyForDeploymentPostprocessing = 0;
		};
		843AD1B9270B4E6E00B6131A /* Sources */ = {
			isa = PBXSourcesBuildPhase;
			buildActionMask = 2147483647;
			files = (
				843AD1D9270B4E6E00B6131A /* PapersApp.swift in Sources */,
			);
			runOnlyForDeploymentPostprocessing = 0;
		};
		843AD1C0270B4E6E00B6131A /* Sources */ = {
			isa = PBXSourcesBuildPhase;
			buildActionMask = 2147483647;
			files = (
				843AD1CB270B4E6E00B6131A /* Tests_iOSLaunchTests.swift in Sources */,
				843AD1C9270B4E6E00B6131A /* Tests_iOS.swift in Sources */,
			);
			runOnlyForDeploymentPostprocessing = 0;
		};
		843AD1CC270B4E6E00B6131A /* Sources */ = {
			isa = PBXSourcesBuildPhase;
			buildActionMask = 2147483647;
			files = (
				843AD1D7270B4E6E00B6131A /* Tests_macOSLaunchTests.swift in Sources */,
				843AD1D5270B4E6E00B6131A /* Tests_macOS.swift in Sources */,
			);
			runOnlyForDeploymentPostprocessing = 0;
		};
/* End PBXSourcesBuildPhase section */

/* Begin PBXTargetDependency section */
		843AD1C6270B4E6E00B6131A /* PBXTargetDependency */ = {
			isa = PBXTargetDependency;
			target = 843AD1B6270B4E6E00B6131A /* Papers (iOS) */;
			targetProxy = 843AD1C5270B4E6E00B6131A /* PBXContainerItemProxy */;
		};
		843AD1D2270B4E6E00B6131A /* PBXTargetDependency */ = {
			isa = PBXTargetDependency;
			target = 843AD1BC270B4E6E00B6131A /* Papers (macOS) */;
			targetProxy = 843AD1D1270B4E6E00B6131A /* PBXContainerItemProxy */;
		};
/* End PBXTargetDependency section */

/* Begin XCBuildConfiguration section */
		843AD1DE270B4E6E00B6131A /* Debug */ = {
			isa = XCBuildConfiguration;
			buildSettings = {
				ALWAYS_SEARCH_USER_PATHS = NO;
				CLANG_ANALYZER_NONNULL = YES;
				CLANG_ANALYZER_NUMBER_OBJECT_CONVERSION = YES_AGGRESSIVE;
				CLANG_CXX_LANGUAGE_STANDARD = "gnu++17";
				CLANG_CXX_LIBRARY = "libc++";
				CLANG_ENABLE_MODULES = YES;
				CLANG_ENABLE_OBJC_ARC = YES;
				CLANG_ENABLE_OBJC_WEAK = YES;
				CLANG_WARN_BLOCK_CAPTURE_AUTORELEASING = YES;
				CLANG_WARN_BOOL_CONVERSION = YES;
				CLANG_WARN_COMMA = YES;
				CLANG_WARN_CONSTANT_CONVERSION = YES;
				CLANG_WARN_DEPRECATED_OBJC_IMPLEMENTATIONS = YES;
				CLANG_WARN_DIRECT_OBJC_ISA_USAGE = YES_ERROR;
				CLANG_WARN_DOCUMENTATION_COMMENTS = YES;
				CLANG_WARN_EMPTY_BODY = YES;
				CLANG_WARN_ENUM_CONVERSION = YES;
				CLANG_WARN_INFINITE_RECURSION = YES;
				CLANG_WARN_INT_CONVERSION = YES;
				CLANG_WARN_NON_LITERAL_NULL_CONVERSION = YES;
				CLANG_WARN_OBJC_IMPLICIT_RETAIN_SELF = YES;
				CLANG_WARN_OBJC_LITERAL_CONVERSION = YES;
				CLANG_WARN_OBJC_ROOT_CLASS = YES_ERROR;
				CLANG_WARN_QUOTED_INCLUDE_IN_FRAMEWORK_HEADER = YES;
				CLANG_WARN_RANGE_LOOP_ANALYSIS = YES;
				CLANG_WARN_STRICT_PROTOTYPES = YES;
				CLANG_WARN_SUSPICIOUS_MOVE = YES;
				CLANG_WARN_UNGUARDED_AVAILABILITY = YES_AGGRESSIVE;
				CLANG_WARN_UNREACHABLE_CODE = YES;
				CLANG_WARN__DUPLICATE_METHOD_MATCH = YES;
				COPY_PHASE_STRIP = NO;
				DEBUG_INFORMATION_FORMAT = dwarf;
				ENABLE_STRICT_OBJC_MSGSEND = YES;
				ENABLE_TESTABILITY = YES;
				GCC_C_LANGUAGE_STANDARD = gnu11;
				GCC_DYNAMIC_NO_PIC = NO;
				GCC_NO_COMMON_BLOCKS = YES;
				GCC_OPTIMIZATION_LEVEL = 0;
				GCC_PREPROCESSOR_DEFINITIONS = (
					"DEBUG=1",
					"$(inherited)",
				);
				GCC_WARN_64_TO_32_BIT_CONVERSION = YES;
				GCC_WARN_ABOUT_RETURN_TYPE = YES_ERROR;
				GCC_WARN_UNDECLARED_SELECTOR = YES;
				GCC_WARN_UNINITIALIZED_AUTOS = YES_AGGRESSIVE;
				GCC_WARN_UNUSED_FUNCTION = YES;
				GCC_WARN_UNUSED_VARIABLE = YES;
				MTL_ENABLE_DEBUG_INFO = INCLUDE_SOURCE;
				MTL_FAST_MATH = YES;
				ONLY_ACTIVE_ARCH = YES;
				SWIFT_ACTIVE_COMPILATION_CONDITIONS = DEBUG;
				SWIFT_OPTIMIZATION_LEVEL = "-Onone";
			};
			name = Debug;
		};
		843AD1DF270B4E6E00B6131A /* Release */ = {
			isa = XCBuildConfiguration;
			buildSettings = {
				ALWAYS_SEARCH_USER_PATHS = NO;
				CLANG_ANALYZER_NONNULL = YES;
				CLANG_ANALYZER_NUMBER_OBJECT_CONVERSION = YES_AGGRESSIVE;
				CLANG_CXX_LANGUAGE_STANDARD = "gnu++17";
				CLANG_CXX_LIBRARY = "libc++";
				CLANG_ENABLE_MODULES = YES;
				CLANG_ENABLE_OBJC_ARC = YES;
				CLANG_ENABLE_OBJC_WEAK = YES;
				CLANG_WARN_BLOCK_CAPTURE_AUTORELEASING = YES;
				CLANG_WARN_BOOL_CONVERSION = YES;
				CLANG_WARN_COMMA = YES;
				CLANG_WARN_CONSTANT_CONVERSION = YES;
				CLANG_WARN_DEPRECATED_OBJC_IMPLEMENTATIONS = YES;
				CLANG_WARN_DIRECT_OBJC_ISA_USAGE = YES_ERROR;
				CLANG_WARN_DOCUMENTATION_COMMENTS = YES;
				CLANG_WARN_EMPTY_BODY = YES;
				CLANG_WARN_ENUM_CONVERSION = YES;
				CLANG_WARN_INFINITE_RECURSION = YES;
				CLANG_WARN_INT_CONVERSION = YES;
				CLANG_WARN_NON_LITERAL_NULL_CONVERSION = YES;
				CLANG_WARN_OBJC_IMPLICIT_RETAIN_SELF = YES;
				CLANG_WARN_OBJC_LITERAL_CONVERSION = YES;
				CLANG_WARN_OBJC_ROOT_CLASS = YES_ERROR;
				CLANG_WARN_QUOTED_INCLUDE_IN_FRAMEWORK_HEADER = YES;
				CLANG_WARN_RANGE_LOOP_ANALYSIS = YES;
				CLANG_WARN_STRICT_PROTOTYPES = YES;
				CLANG_WARN_SUSPICIOUS_MOVE = YES;
				CLANG_WARN_UNGUARDED_AVAILABILITY = YES_AGGRESSIVE;
				CLANG_WARN_UNREACHABLE_CODE = YES;
				CLANG_WARN__DUPLICATE_METHOD_MATCH = YES;
				COPY_PHASE_STRIP = NO;
				DEBUG_INFORMATION_FORMAT = "dwarf-with-dsym";
				ENABLE_NS_ASSERTIONS = NO;
				ENABLE_STRICT_OBJC_MSGSEND = YES;
				GCC_C_LANGUAGE_STANDARD = gnu11;
				GCC_NO_COMMON_BLOCKS = YES;
				GCC_WARN_64_TO_32_BIT_CONVERSION = YES;
				GCC_WARN_ABOUT_RETURN_TYPE = YES_ERROR;
				GCC_WARN_UNDECLARED_SELECTOR = YES;
				GCC_WARN_UNINITIALIZED_AUTOS = YES_AGGRESSIVE;
				GCC_WARN_UNUSED_FUNCTION = YES;
				GCC_WARN_UNUSED_VARIABLE = YES;
				MTL_ENABLE_DEBUG_INFO = NO;
				MTL_FAST_MATH = YES;
				SWIFT_COMPILATION_MODE = wholemodule;
				SWIFT_OPTIMIZATION_LEVEL = "-O";
			};
			name = Release;
		};
		843AD1E1270B4E6E00B6131A /* Debug */ = {
			isa = XCBuildConfiguration;
			buildSettings = {
				ASSETCATALOG_COMPILER_APPICON_NAME = AppIcon;
				ASSETCATALOG_COMPILER_GLOBAL_ACCENT_COLOR_NAME = AccentColor;
				CODE_SIGN_STYLE = Automatic;
				CURRENT_PROJECT_VERSION = 1;
				DEVELOPMENT_TEAM = 7Z59B7C4MB;
				ENABLE_PREVIEWS = YES;
				GENERATE_INFOPLIST_FILE = YES;
				INFOPLIST_FILE = "Papers--iOS--Info.plist";
				INFOPLIST_KEY_LSSupportsOpeningDocumentsInPlace = YES;
				INFOPLIST_KEY_UIApplicationSceneManifest_Generation = YES;
				INFOPLIST_KEY_UIApplicationSupportsIndirectInputEvents = YES;
				INFOPLIST_KEY_UILaunchScreen_Generation = YES;
				INFOPLIST_KEY_UISupportedInterfaceOrientations_iPad = "UIInterfaceOrientationPortrait UIInterfaceOrientationPortraitUpsideDown UIInterfaceOrientationLandscapeLeft UIInterfaceOrientationLandscapeRight";
				INFOPLIST_KEY_UISupportedInterfaceOrientations_iPhone = "UIInterfaceOrientationPortrait UIInterfaceOrientationLandscapeLeft UIInterfaceOrientationLandscapeRight";
				IPHONEOS_DEPLOYMENT_TARGET = 14.0;
				LD_RUNPATH_SEARCH_PATHS = (
					"$(inherited)",
					"@executable_path/Frameworks",
				);
				MARKETING_VERSION = 1.0;
				PRODUCT_BUNDLE_IDENTIFIER = pmanot.Papers;
				PRODUCT_NAME = Papers;
				SDKROOT = iphoneos;
				SWIFT_EMIT_LOC_STRINGS = YES;
				SWIFT_VERSION = 5.0;
				TARGETED_DEVICE_FAMILY = "1,2";
			};
			name = Debug;
		};
		843AD1E2270B4E6E00B6131A /* Release */ = {
			isa = XCBuildConfiguration;
			buildSettings = {
				ASSETCATALOG_COMPILER_APPICON_NAME = AppIcon;
				ASSETCATALOG_COMPILER_GLOBAL_ACCENT_COLOR_NAME = AccentColor;
				CODE_SIGN_STYLE = Automatic;
				CURRENT_PROJECT_VERSION = 1;
				DEVELOPMENT_TEAM = 7Z59B7C4MB;
				ENABLE_PREVIEWS = YES;
				GENERATE_INFOPLIST_FILE = YES;
				INFOPLIST_FILE = "Papers--iOS--Info.plist";
				INFOPLIST_KEY_LSSupportsOpeningDocumentsInPlace = YES;
				INFOPLIST_KEY_UIApplicationSceneManifest_Generation = YES;
				INFOPLIST_KEY_UIApplicationSupportsIndirectInputEvents = YES;
				INFOPLIST_KEY_UILaunchScreen_Generation = YES;
				INFOPLIST_KEY_UISupportedInterfaceOrientations_iPad = "UIInterfaceOrientationPortrait UIInterfaceOrientationPortraitUpsideDown UIInterfaceOrientationLandscapeLeft UIInterfaceOrientationLandscapeRight";
				INFOPLIST_KEY_UISupportedInterfaceOrientations_iPhone = "UIInterfaceOrientationPortrait UIInterfaceOrientationLandscapeLeft UIInterfaceOrientationLandscapeRight";
				IPHONEOS_DEPLOYMENT_TARGET = 14.0;
				LD_RUNPATH_SEARCH_PATHS = (
					"$(inherited)",
					"@executable_path/Frameworks",
				);
				MARKETING_VERSION = 1.0;
				PRODUCT_BUNDLE_IDENTIFIER = pmanot.Papers;
				PRODUCT_NAME = Papers;
				SDKROOT = iphoneos;
				SWIFT_EMIT_LOC_STRINGS = YES;
				SWIFT_VERSION = 5.0;
				TARGETED_DEVICE_FAMILY = "1,2";
				VALIDATE_PRODUCT = YES;
			};
			name = Release;
		};
		843AD1E4270B4E6E00B6131A /* Debug */ = {
			isa = XCBuildConfiguration;
			buildSettings = {
				ASSETCATALOG_COMPILER_APPICON_NAME = AppIcon;
				ASSETCATALOG_COMPILER_GLOBAL_ACCENT_COLOR_NAME = AccentColor;
				CODE_SIGN_ENTITLEMENTS = macOS/macOS.entitlements;
				CODE_SIGN_IDENTITY = "-";
				CODE_SIGN_STYLE = Automatic;
				COMBINE_HIDPI_IMAGES = YES;
				CURRENT_PROJECT_VERSION = 1;
				DEVELOPMENT_TEAM = 7Z59B7C4MB;
				ENABLE_HARDENED_RUNTIME = YES;
				ENABLE_PREVIEWS = YES;
				GENERATE_INFOPLIST_FILE = YES;
				INFOPLIST_KEY_NSHumanReadableCopyright = "";
				LD_RUNPATH_SEARCH_PATHS = (
					"$(inherited)",
					"@executable_path/../Frameworks",
				);
				MACOSX_DEPLOYMENT_TARGET = 11.0;
				MARKETING_VERSION = 1.0;
				PRODUCT_BUNDLE_IDENTIFIER = pmanot.Papers;
				PRODUCT_NAME = Papers;
				SDKROOT = macosx;
				SWIFT_EMIT_LOC_STRINGS = YES;
				SWIFT_VERSION = 5.0;
			};
			name = Debug;
		};
		843AD1E5270B4E6E00B6131A /* Release */ = {
			isa = XCBuildConfiguration;
			buildSettings = {
				ASSETCATALOG_COMPILER_APPICON_NAME = AppIcon;
				ASSETCATALOG_COMPILER_GLOBAL_ACCENT_COLOR_NAME = AccentColor;
				CODE_SIGN_ENTITLEMENTS = macOS/macOS.entitlements;
				CODE_SIGN_IDENTITY = "-";
				CODE_SIGN_STYLE = Automatic;
				COMBINE_HIDPI_IMAGES = YES;
				CURRENT_PROJECT_VERSION = 1;
				DEVELOPMENT_TEAM = 7Z59B7C4MB;
				ENABLE_HARDENED_RUNTIME = YES;
				ENABLE_PREVIEWS = YES;
				GENERATE_INFOPLIST_FILE = YES;
				INFOPLIST_KEY_NSHumanReadableCopyright = "";
				LD_RUNPATH_SEARCH_PATHS = (
					"$(inherited)",
					"@executable_path/../Frameworks",
				);
				MACOSX_DEPLOYMENT_TARGET = 11.0;
				MARKETING_VERSION = 1.0;
				PRODUCT_BUNDLE_IDENTIFIER = pmanot.Papers;
				PRODUCT_NAME = Papers;
				SDKROOT = macosx;
				SWIFT_EMIT_LOC_STRINGS = YES;
				SWIFT_VERSION = 5.0;
			};
			name = Release;
		};
		843AD1E7270B4E6E00B6131A /* Debug */ = {
			isa = XCBuildConfiguration;
			buildSettings = {
				ALWAYS_EMBED_SWIFT_STANDARD_LIBRARIES = YES;
				CODE_SIGN_STYLE = Automatic;
				CURRENT_PROJECT_VERSION = 1;
				DEVELOPMENT_TEAM = 7Z59B7C4MB;
				GENERATE_INFOPLIST_FILE = YES;
				IPHONEOS_DEPLOYMENT_TARGET = 15.0;
				LD_RUNPATH_SEARCH_PATHS = (
					"$(inherited)",
					"@executable_path/Frameworks",
					"@loader_path/Frameworks",
				);
				MARKETING_VERSION = 1.0;
				PRODUCT_BUNDLE_IDENTIFIER = "pmanot.Tests-iOS";
				PRODUCT_NAME = "$(TARGET_NAME)";
				SDKROOT = iphoneos;
				SWIFT_EMIT_LOC_STRINGS = NO;
				SWIFT_VERSION = 5.0;
				TARGETED_DEVICE_FAMILY = "1,2";
				TEST_TARGET_NAME = "Papers (iOS)";
			};
			name = Debug;
		};
		843AD1E8270B4E6E00B6131A /* Release */ = {
			isa = XCBuildConfiguration;
			buildSettings = {
				ALWAYS_EMBED_SWIFT_STANDARD_LIBRARIES = YES;
				CODE_SIGN_STYLE = Automatic;
				CURRENT_PROJECT_VERSION = 1;
				DEVELOPMENT_TEAM = 7Z59B7C4MB;
				GENERATE_INFOPLIST_FILE = YES;
				IPHONEOS_DEPLOYMENT_TARGET = 15.0;
				LD_RUNPATH_SEARCH_PATHS = (
					"$(inherited)",
					"@executable_path/Frameworks",
					"@loader_path/Frameworks",
				);
				MARKETING_VERSION = 1.0;
				PRODUCT_BUNDLE_IDENTIFIER = "pmanot.Tests-iOS";
				PRODUCT_NAME = "$(TARGET_NAME)";
				SDKROOT = iphoneos;
				SWIFT_EMIT_LOC_STRINGS = NO;
				SWIFT_VERSION = 5.0;
				TARGETED_DEVICE_FAMILY = "1,2";
				TEST_TARGET_NAME = "Papers (iOS)";
				VALIDATE_PRODUCT = YES;
			};
			name = Release;
		};
		843AD1EA270B4E6E00B6131A /* Debug */ = {
			isa = XCBuildConfiguration;
			buildSettings = {
				ALWAYS_EMBED_SWIFT_STANDARD_LIBRARIES = YES;
				CODE_SIGN_STYLE = Automatic;
				COMBINE_HIDPI_IMAGES = YES;
				CURRENT_PROJECT_VERSION = 1;
				DEVELOPMENT_TEAM = 7Z59B7C4MB;
				GENERATE_INFOPLIST_FILE = YES;
				LD_RUNPATH_SEARCH_PATHS = (
					"$(inherited)",
					"@executable_path/../Frameworks",
					"@loader_path/../Frameworks",
				);
				MACOSX_DEPLOYMENT_TARGET = 11.3;
				MARKETING_VERSION = 1.0;
				PRODUCT_BUNDLE_IDENTIFIER = "pmanot.Tests-macOS";
				PRODUCT_NAME = "$(TARGET_NAME)";
				SDKROOT = macosx;
				SWIFT_EMIT_LOC_STRINGS = NO;
				SWIFT_VERSION = 5.0;
				TEST_TARGET_NAME = "Papers (macOS)";
			};
			name = Debug;
		};
		843AD1EB270B4E6E00B6131A /* Release */ = {
			isa = XCBuildConfiguration;
			buildSettings = {
				ALWAYS_EMBED_SWIFT_STANDARD_LIBRARIES = YES;
				CODE_SIGN_STYLE = Automatic;
				COMBINE_HIDPI_IMAGES = YES;
				CURRENT_PROJECT_VERSION = 1;
				DEVELOPMENT_TEAM = 7Z59B7C4MB;
				GENERATE_INFOPLIST_FILE = YES;
				LD_RUNPATH_SEARCH_PATHS = (
					"$(inherited)",
					"@executable_path/../Frameworks",
					"@loader_path/../Frameworks",
				);
				MACOSX_DEPLOYMENT_TARGET = 11.3;
				MARKETING_VERSION = 1.0;
				PRODUCT_BUNDLE_IDENTIFIER = "pmanot.Tests-macOS";
				PRODUCT_NAME = "$(TARGET_NAME)";
				SDKROOT = macosx;
				SWIFT_EMIT_LOC_STRINGS = NO;
				SWIFT_VERSION = 5.0;
				TEST_TARGET_NAME = "Papers (macOS)";
			};
			name = Release;
		};
/* End XCBuildConfiguration section */

/* Begin XCConfigurationList section */
		843AD1AE270B4E6C00B6131A /* Build configuration list for PBXProject "Papers" */ = {
			isa = XCConfigurationList;
			buildConfigurations = (
				843AD1DE270B4E6E00B6131A /* Debug */,
				843AD1DF270B4E6E00B6131A /* Release */,
			);
			defaultConfigurationIsVisible = 0;
			defaultConfigurationName = Release;
		};
		843AD1E0270B4E6E00B6131A /* Build configuration list for PBXNativeTarget "Papers (iOS)" */ = {
			isa = XCConfigurationList;
			buildConfigurations = (
				843AD1E1270B4E6E00B6131A /* Debug */,
				843AD1E2270B4E6E00B6131A /* Release */,
			);
			defaultConfigurationIsVisible = 0;
			defaultConfigurationName = Release;
		};
		843AD1E3270B4E6E00B6131A /* Build configuration list for PBXNativeTarget "Papers (macOS)" */ = {
			isa = XCConfigurationList;
			buildConfigurations = (
				843AD1E4270B4E6E00B6131A /* Debug */,
				843AD1E5270B4E6E00B6131A /* Release */,
			);
			defaultConfigurationIsVisible = 0;
			defaultConfigurationName = Release;
		};
		843AD1E6270B4E6E00B6131A /* Build configuration list for PBXNativeTarget "Tests iOS" */ = {
			isa = XCConfigurationList;
			buildConfigurations = (
				843AD1E7270B4E6E00B6131A /* Debug */,
				843AD1E8270B4E6E00B6131A /* Release */,
			);
			defaultConfigurationIsVisible = 0;
			defaultConfigurationName = Release;
		};
		843AD1E9270B4E6E00B6131A /* Build configuration list for PBXNativeTarget "Tests macOS" */ = {
			isa = XCConfigurationList;
			buildConfigurations = (
				843AD1EA270B4E6E00B6131A /* Debug */,
				843AD1EB270B4E6E00B6131A /* Release */,
			);
			defaultConfigurationIsVisible = 0;
			defaultConfigurationName = Release;
		};
/* End XCConfigurationList section */

/* Begin XCRemoteSwiftPackageReference section */
		843AD1EC270B4F8600B6131A /* XCRemoteSwiftPackageReference "SwiftUIX" */ = {
			isa = XCRemoteSwiftPackageReference;
			repositoryURL = "https://github.com/SwiftUIX/SwiftUIX";
			requirement = {
				branch = master;
				kind = branch;
			};
		};
		843AD1EF270B4FBA00B6131A /* XCRemoteSwiftPackageReference "Filesystem" */ = {
			isa = XCRemoteSwiftPackageReference;
			repositoryURL = "https://github.com/vmanot/Filesystem";
			requirement = {
				branch = master;
				kind = branch;
			};
		};
/* End XCRemoteSwiftPackageReference section */

/* Begin XCSwiftPackageProductDependency section */
		843AD1ED270B4F8600B6131A /* SwiftUIX */ = {
			isa = XCSwiftPackageProductDependency;
			package = 843AD1EC270B4F8600B6131A /* XCRemoteSwiftPackageReference "SwiftUIX" */;
			productName = SwiftUIX;
		};
		843AD1F0270B4FBA00B6131A /* Filesystem */ = {
			isa = XCSwiftPackageProductDependency;
			package = 843AD1EF270B4FBA00B6131A /* XCRemoteSwiftPackageReference "Filesystem" */;
			productName = Filesystem;
		};
/* End XCSwiftPackageProductDependency section */
	};
	rootObject = 843AD1AB270B4E6C00B6131A /* Project object */;
}
