// !$*UTF8*$!
{
	archiveVersion = 1;
	classes = {
	};
	objectVersion = 52;
	objects = {

/* Begin PBXBuildFile section */
		8405F881268D1C7C000B3421 /* QuestionIndex.swift in Sources */ = {isa = PBXBuildFile; fileRef = 8405F880268D1C7C000B3421 /* QuestionIndex.swift */; };
		841E7419268AFB2B00E112B0 /* QuestionView.swift in Sources */ = {isa = PBXBuildFile; fileRef = 841E7418268AFB2B00E112B0 /* QuestionView.swift */; };
		841E741B268AFC7E00E112B0 /* MarkScheme.swift in Sources */ = {isa = PBXBuildFile; fileRef = 841E741A268AFC7E00E112B0 /* MarkScheme.swift */; };
		841E741E268B291D00E112B0 /* Model.swift in Sources */ = {isa = PBXBuildFile; fileRef = 841E741D268B291D00E112B0 /* Model.swift */; };
		841E7420268B2A1200E112B0 /* Topic.swift in Sources */ = {isa = PBXBuildFile; fileRef = 841E741F268B2A1200E112B0 /* Topic.swift */; };
		841E7422268B2D0300E112B0 /* PDFDocument+Extensions.swift in Sources */ = {isa = PBXBuildFile; fileRef = 841E7421268B2D0300E112B0 /* PDFDocument+Extensions.swift */; };
		841E7424268B399B00E112B0 /* TopicView.swift in Sources */ = {isa = PBXBuildFile; fileRef = 841E7423268B399B00E112B0 /* TopicView.swift */; };
		844282CE268108C30051EBB4 /* PDFPageView.swift in Sources */ = {isa = PBXBuildFile; fileRef = 844282CD268108C30051EBB4 /* PDFPageView.swift */; };
		8452073A268EDDCC001969CC /* Filesystem in Frameworks */ = {isa = PBXBuildFile; productRef = 84520739268EDDCC001969CC /* Filesystem */; };
		8452073C268EE709001969CC /* 9702_s18_qp_21.pdf in Resources */ = {isa = PBXBuildFile; fileRef = 8452073B268EE709001969CC /* 9702_s18_qp_21.pdf */; };
		8452073E268F4F43001969CC /* RoundedBorder.swift in Sources */ = {isa = PBXBuildFile; fileRef = 8452073D268F4F43001969CC /* RoundedBorder.swift */; };
		845A1D5C265FFFDC00237FFF /* QuestionPaper.swift in Sources */ = {isa = PBXBuildFile; fileRef = 845A1D5B265FFFDC00237FFF /* QuestionPaper.swift */; };
		84734D222691C8B500FAD98A /* ToolBar.swift in Sources */ = {isa = PBXBuildFile; fileRef = 84734D212691C8B500FAD98A /* ToolBar.swift */; };
		84734D242692010000FAD98A /* Paper.swift in Sources */ = {isa = PBXBuildFile; fileRef = 84734D232692010000FAD98A /* Paper.swift */; };
		84734D26269201F900FAD98A /* Answers.swift in Sources */ = {isa = PBXBuildFile; fileRef = 84734D25269201F900FAD98A /* Answers.swift */; };
		84734D28269203DB00FAD98A /* ButtonSymbol.swift in Sources */ = {isa = PBXBuildFile; fileRef = 84734D27269203DB00FAD98A /* ButtonSymbol.swift */; };
		848338D726839DC2008D2D58 /* AnswerField.swift in Sources */ = {isa = PBXBuildFile; fileRef = 848338D626839DC2008D2D58 /* AnswerField.swift */; };
		84956E67265FEA4C009E971B /* PapersApp.swift in Sources */ = {isa = PBXBuildFile; fileRef = 84956E66265FEA4C009E971B /* PapersApp.swift */; };
		84956E6B265FEA4E009E971B /* Assets.xcassets in Resources */ = {isa = PBXBuildFile; fileRef = 84956E6A265FEA4E009E971B /* Assets.xcassets */; };
		84AE031726919A2000FAD4C6 /* AnswersView.swift in Sources */ = {isa = PBXBuildFile; fileRef = 84AE031626919A2000FAD4C6 /* AnswersView.swift */; };
		84AE031926919B9100FAD4C6 /* IndexNumber.swift in Sources */ = {isa = PBXBuildFile; fileRef = 84AE031826919B9100FAD4C6 /* IndexNumber.swift */; };
		84AE031B26919B9C00FAD4C6 /* IndexLetter.swift in Sources */ = {isa = PBXBuildFile; fileRef = 84AE031A26919B9C00FAD4C6 /* IndexLetter.swift */; };
		84AE031D26919BA700FAD4C6 /* IndexNumeral.swift in Sources */ = {isa = PBXBuildFile; fileRef = 84AE031C26919BA700FAD4C6 /* IndexNumeral.swift */; };
		84B12BF42689E12200AD75C3 /* AnswerSheet.swift in Sources */ = {isa = PBXBuildFile; fileRef = 84B12BF32689E12200AD75C3 /* AnswerSheet.swift */; };
		84B12BF8268AF9B100AD75C3 /* 9702_s19_ms_21.pdf in Resources */ = {isa = PBXBuildFile; fileRef = 84B12BF7268AF9B100AD75C3 /* 9702_s19_ms_21.pdf */; };
		84B207372693D8E400CD5953 /* 9702_w20_qp_22.pdf in Resources */ = {isa = PBXBuildFile; fileRef = 84B207362693D8E400CD5953 /* 9702_w20_qp_22.pdf */; };
		84B207392693D92D00CD5953 /* 9701_m20_qp_42.pdf in Resources */ = {isa = PBXBuildFile; fileRef = 84B207382693D92D00CD5953 /* 9701_m20_qp_42.pdf */; };
		84B2073B2693DAE600CD5953 /* 9702_s18_qp_42.pdf in Resources */ = {isa = PBXBuildFile; fileRef = 84B2073A2693DAE600CD5953 /* 9702_s18_qp_42.pdf */; };
		84C6B39026909AC200642719 /* DocumentDirectory.swift in Sources */ = {isa = PBXBuildFile; fileRef = 84C6B38F26909AC200642719 /* DocumentDirectory.swift */; };
		84C7C6552693F4A80058B3DB /* Vision.swift in Sources */ = {isa = PBXBuildFile; fileRef = 84C7C6542693F4A80058B3DB /* Vision.swift */; };
		84C7C6572694033B0058B3DB /* CabridgeMetaData.swift in Sources */ = {isa = PBXBuildFile; fileRef = 84C7C6562694033B0058B3DB /* CabridgeMetaData.swift */; };
		84CA0B9F268CEAF900D77BA7 /* Answer.swift in Sources */ = {isa = PBXBuildFile; fileRef = 84CA0B9E268CEAF900D77BA7 /* Answer.swift */; };
		84CFCEA72688EF110016BC51 /* PapersView.swift in Sources */ = {isa = PBXBuildFile; fileRef = 84CFCEA62688EF110016BC51 /* PapersView.swift */; };
		84CFCEAB2688EF920016BC51 /* QuestionList.swift in Sources */ = {isa = PBXBuildFile; fileRef = 84CFCEAA2688EF920016BC51 /* QuestionList.swift */; };
		84CFCEAE2688F2B70016BC51 /* 9702_s18_ms_21.pdf in Resources */ = {isa = PBXBuildFile; fileRef = 84CFCEAC2688F2B70016BC51 /* 9702_s18_ms_21.pdf */; };
		84CFCEAF2688F2B70016BC51 /* 9702_s19_qp_21.pdf in Resources */ = {isa = PBXBuildFile; fileRef = 84CFCEAD2688F2B70016BC51 /* 9702_s19_qp_21.pdf */; };
		D4FBCE0126890D1E00D18196 /* Question.swift in Sources */ = {isa = PBXBuildFile; fileRef = D4FBCE0026890D1E00D18196 /* Question.swift */; };
		D4FBCE0326890D4200D18196 /* PaperVariant.swift in Sources */ = {isa = PBXBuildFile; fileRef = D4FBCE0226890D4200D18196 /* PaperVariant.swift */; };
		D4FBCE0526890D5500D18196 /* Subject.swift in Sources */ = {isa = PBXBuildFile; fileRef = D4FBCE0426890D5500D18196 /* Subject.swift */; };
		D4FBCE0826890D6E00D18196 /* Character+Extensions.swift in Sources */ = {isa = PBXBuildFile; fileRef = D4FBCE0726890D6E00D18196 /* Character+Extensions.swift */; };
		D4FBCE0A26890D8300D18196 /* NSRegularExpression+Extensions.swift in Sources */ = {isa = PBXBuildFile; fileRef = D4FBCE0926890D8300D18196 /* NSRegularExpression+Extensions.swift */; };
		D4FBCE0C26890DCE00D18196 /* PDFPage+Extensions.swift in Sources */ = {isa = PBXBuildFile; fileRef = D4FBCE0B26890DCE00D18196 /* PDFPage+Extensions.swift */; };
/* End PBXBuildFile section */

/* Begin PBXFileReference section */
		8405F880268D1C7C000B3421 /* QuestionIndex.swift */ = {isa = PBXFileReference; lastKnownFileType = sourcecode.swift; path = QuestionIndex.swift; sourceTree = "<group>"; };
		841E7418268AFB2B00E112B0 /* QuestionView.swift */ = {isa = PBXFileReference; lastKnownFileType = sourcecode.swift; path = QuestionView.swift; sourceTree = "<group>"; };
		841E741A268AFC7E00E112B0 /* MarkScheme.swift */ = {isa = PBXFileReference; lastKnownFileType = sourcecode.swift; path = MarkScheme.swift; sourceTree = "<group>"; };
		841E741D268B291D00E112B0 /* Model.swift */ = {isa = PBXFileReference; lastKnownFileType = sourcecode.swift; path = Model.swift; sourceTree = "<group>"; };
		841E741F268B2A1200E112B0 /* Topic.swift */ = {isa = PBXFileReference; lastKnownFileType = sourcecode.swift; path = Topic.swift; sourceTree = "<group>"; };
		841E7421268B2D0300E112B0 /* PDFDocument+Extensions.swift */ = {isa = PBXFileReference; lastKnownFileType = sourcecode.swift; path = "PDFDocument+Extensions.swift"; sourceTree = "<group>"; };
		841E7423268B399B00E112B0 /* TopicView.swift */ = {isa = PBXFileReference; lastKnownFileType = sourcecode.swift; path = TopicView.swift; sourceTree = "<group>"; };
		844282CD268108C30051EBB4 /* PDFPageView.swift */ = {isa = PBXFileReference; lastKnownFileType = sourcecode.swift; path = PDFPageView.swift; sourceTree = "<group>"; };
		8452073B268EE709001969CC /* 9702_s18_qp_21.pdf */ = {isa = PBXFileReference; lastKnownFileType = image.pdf; path = 9702_s18_qp_21.pdf; sourceTree = "<group>"; };
		8452073D268F4F43001969CC /* RoundedBorder.swift */ = {isa = PBXFileReference; lastKnownFileType = sourcecode.swift; path = RoundedBorder.swift; sourceTree = "<group>"; };
		845A1D5B265FFFDC00237FFF /* QuestionPaper.swift */ = {isa = PBXFileReference; lastKnownFileType = sourcecode.swift; path = QuestionPaper.swift; sourceTree = "<group>"; };
		84734D212691C8B500FAD98A /* ToolBar.swift */ = {isa = PBXFileReference; lastKnownFileType = sourcecode.swift; path = ToolBar.swift; sourceTree = "<group>"; };
		84734D232692010000FAD98A /* Paper.swift */ = {isa = PBXFileReference; lastKnownFileType = sourcecode.swift; path = Paper.swift; sourceTree = "<group>"; };
		84734D25269201F900FAD98A /* Answers.swift */ = {isa = PBXFileReference; lastKnownFileType = sourcecode.swift; path = Answers.swift; sourceTree = "<group>"; };
		84734D27269203DB00FAD98A /* ButtonSymbol.swift */ = {isa = PBXFileReference; lastKnownFileType = sourcecode.swift; path = ButtonSymbol.swift; sourceTree = "<group>"; };
		848338D626839DC2008D2D58 /* AnswerField.swift */ = {isa = PBXFileReference; lastKnownFileType = sourcecode.swift; path = AnswerField.swift; sourceTree = "<group>"; };
		84956E63265FEA4C009E971B /* Papers.app */ = {isa = PBXFileReference; explicitFileType = wrapper.application; includeInIndex = 0; path = Papers.app; sourceTree = BUILT_PRODUCTS_DIR; };
		84956E66265FEA4C009E971B /* PapersApp.swift */ = {isa = PBXFileReference; lastKnownFileType = sourcecode.swift; path = PapersApp.swift; sourceTree = "<group>"; };
		84956E6A265FEA4E009E971B /* Assets.xcassets */ = {isa = PBXFileReference; lastKnownFileType = folder.assetcatalog; path = Assets.xcassets; sourceTree = "<group>"; };
		84956E6F265FEA4E009E971B /* Info.plist */ = {isa = PBXFileReference; lastKnownFileType = text.plist.xml; path = Info.plist; sourceTree = "<group>"; };
		84AE031626919A2000FAD4C6 /* AnswersView.swift */ = {isa = PBXFileReference; lastKnownFileType = sourcecode.swift; path = AnswersView.swift; sourceTree = "<group>"; };
		84AE031826919B9100FAD4C6 /* IndexNumber.swift */ = {isa = PBXFileReference; lastKnownFileType = sourcecode.swift; path = IndexNumber.swift; sourceTree = "<group>"; };
		84AE031A26919B9C00FAD4C6 /* IndexLetter.swift */ = {isa = PBXFileReference; lastKnownFileType = sourcecode.swift; path = IndexLetter.swift; sourceTree = "<group>"; };
		84AE031C26919BA700FAD4C6 /* IndexNumeral.swift */ = {isa = PBXFileReference; lastKnownFileType = sourcecode.swift; path = IndexNumeral.swift; sourceTree = "<group>"; };
		84B12BF32689E12200AD75C3 /* AnswerSheet.swift */ = {isa = PBXFileReference; lastKnownFileType = sourcecode.swift; path = AnswerSheet.swift; sourceTree = "<group>"; };
		84B12BF7268AF9B100AD75C3 /* 9702_s19_ms_21.pdf */ = {isa = PBXFileReference; lastKnownFileType = image.pdf; path = 9702_s19_ms_21.pdf; sourceTree = "<group>"; };
		84B207362693D8E400CD5953 /* 9702_w20_qp_22.pdf */ = {isa = PBXFileReference; lastKnownFileType = image.pdf; path = 9702_w20_qp_22.pdf; sourceTree = "<group>"; };
		84B207382693D92D00CD5953 /* 9701_m20_qp_42.pdf */ = {isa = PBXFileReference; lastKnownFileType = image.pdf; path = 9701_m20_qp_42.pdf; sourceTree = "<group>"; };
		84B2073A2693DAE600CD5953 /* 9702_s18_qp_42.pdf */ = {isa = PBXFileReference; lastKnownFileType = image.pdf; path = 9702_s18_qp_42.pdf; sourceTree = "<group>"; };
		84C6B38F26909AC200642719 /* DocumentDirectory.swift */ = {isa = PBXFileReference; lastKnownFileType = sourcecode.swift; path = DocumentDirectory.swift; sourceTree = "<group>"; };
		84C7C6542693F4A80058B3DB /* Vision.swift */ = {isa = PBXFileReference; lastKnownFileType = sourcecode.swift; path = Vision.swift; sourceTree = "<group>"; };
		84C7C6562694033B0058B3DB /* CabridgeMetaData.swift */ = {isa = PBXFileReference; lastKnownFileType = sourcecode.swift; path = CabridgeMetaData.swift; sourceTree = "<group>"; };
		84CA0B9E268CEAF900D77BA7 /* Answer.swift */ = {isa = PBXFileReference; lastKnownFileType = sourcecode.swift; path = Answer.swift; sourceTree = "<group>"; };
		84CFCEA62688EF110016BC51 /* PapersView.swift */ = {isa = PBXFileReference; fileEncoding = 4; lastKnownFileType = sourcecode.swift; path = PapersView.swift; sourceTree = "<group>"; };
		84CFCEAA2688EF920016BC51 /* QuestionList.swift */ = {isa = PBXFileReference; fileEncoding = 4; lastKnownFileType = sourcecode.swift; path = QuestionList.swift; sourceTree = "<group>"; };
		84CFCEAC2688F2B70016BC51 /* 9702_s18_ms_21.pdf */ = {isa = PBXFileReference; lastKnownFileType = image.pdf; path = 9702_s18_ms_21.pdf; sourceTree = "<group>"; };
		84CFCEAD2688F2B70016BC51 /* 9702_s19_qp_21.pdf */ = {isa = PBXFileReference; lastKnownFileType = image.pdf; path = 9702_s19_qp_21.pdf; sourceTree = "<group>"; };
		D4FBCE0026890D1E00D18196 /* Question.swift */ = {isa = PBXFileReference; lastKnownFileType = sourcecode.swift; path = Question.swift; sourceTree = "<group>"; };
		D4FBCE0226890D4200D18196 /* PaperVariant.swift */ = {isa = PBXFileReference; lastKnownFileType = sourcecode.swift; path = PaperVariant.swift; sourceTree = "<group>"; };
		D4FBCE0426890D5500D18196 /* Subject.swift */ = {isa = PBXFileReference; lastKnownFileType = sourcecode.swift; path = Subject.swift; sourceTree = "<group>"; };
		D4FBCE0726890D6E00D18196 /* Character+Extensions.swift */ = {isa = PBXFileReference; lastKnownFileType = sourcecode.swift; path = "Character+Extensions.swift"; sourceTree = "<group>"; };
		D4FBCE0926890D8300D18196 /* NSRegularExpression+Extensions.swift */ = {isa = PBXFileReference; lastKnownFileType = sourcecode.swift; path = "NSRegularExpression+Extensions.swift"; sourceTree = "<group>"; };
		D4FBCE0B26890DCE00D18196 /* PDFPage+Extensions.swift */ = {isa = PBXFileReference; lastKnownFileType = sourcecode.swift; path = "PDFPage+Extensions.swift"; sourceTree = "<group>"; };
/* End PBXFileReference section */

/* Begin PBXFrameworksBuildPhase section */
		84956E60265FEA4C009E971B /* Frameworks */ = {
			isa = PBXFrameworksBuildPhase;
			buildActionMask = 2147483647;
			files = (
				8452073A268EDDCC001969CC /* Filesystem in Frameworks */,
			);
			runOnlyForDeploymentPostprocessing = 0;
		};
/* End PBXFrameworksBuildPhase section */

/* Begin PBXGroup section */
		841E741C268B28D200E112B0 /* Classifier */ = {
			isa = PBXGroup;
			children = (
				841E741D268B291D00E112B0 /* Model.swift */,
				841E7423268B399B00E112B0 /* TopicView.swift */,
			);
			path = Classifier;
			sourceTree = "<group>";
		};
		8452073F268F4F53001969CC /* Modifiers */ = {
			isa = PBXGroup;
			children = (
				8452073D268F4F43001969CC /* RoundedBorder.swift */,
				84AE031826919B9100FAD4C6 /* IndexNumber.swift */,
				84AE031A26919B9C00FAD4C6 /* IndexLetter.swift */,
				84AE031C26919BA700FAD4C6 /* IndexNumeral.swift */,
			);
			path = Modifiers;
			sourceTree = "<group>";
		};
		84734D2A2692057500FAD98A /* Elements */ = {
			isa = PBXGroup;
			children = (
				84734D212691C8B500FAD98A /* ToolBar.swift */,
				84734D27269203DB00FAD98A /* ButtonSymbol.swift */,
			);
			path = Elements;
			sourceTree = "<group>";
		};
		84734D2B269205A900FAD98A /* Answers */ = {
			isa = PBXGroup;
			children = (
				84AE031626919A2000FAD4C6 /* AnswersView.swift */,
				848338D626839DC2008D2D58 /* AnswerField.swift */,
			);
			path = Answers;
			sourceTree = "<group>";
		};
		84956E5A265FEA4C009E971B = {
			isa = PBXGroup;
			children = (
				84956E65265FEA4C009E971B /* Targets */,
				84956E64265FEA4C009E971B /* Products */,
			);
			sourceTree = "<group>";
		};
		84956E64265FEA4C009E971B /* Products */ = {
			isa = PBXGroup;
			children = (
				84956E63265FEA4C009E971B /* Papers.app */,
			);
			name = Products;
			sourceTree = "<group>";
		};
		84956E65265FEA4C009E971B /* Targets */ = {
			isa = PBXGroup;
			children = (
				D43128DA26890BCA00E9CF62 /* Papers */,
			);
			path = Targets;
			sourceTree = "<group>";
		};
		84C7C6532693F42D0058B3DB /* Pdf */ = {
			isa = PBXGroup;
			children = (
				844282CD268108C30051EBB4 /* PDFPageView.swift */,
			);
			path = Pdf;
			sourceTree = "<group>";
		};
		D43128D826890BBD00E9CF62 /* Supporting Files */ = {
			isa = PBXGroup;
			children = (
				D43128DB26890BD600E9CF62 /* Bundle Resources */,
			);
			path = "Supporting Files";
			sourceTree = "<group>";
		};
		D43128D926890BC300E9CF62 /* Files */ = {
			isa = PBXGroup;
			children = (
				84956E66265FEA4C009E971B /* PapersApp.swift */,
				8452073F268F4F53001969CC /* Modifiers */,
				D4FBCE0626890D6900D18196 /* Extensions */,
				D4FBCDFE26890CC500D18196 /* Models */,
				D4FBCDFF26890CFC00D18196 /* Views */,
			);
			path = Files;
			sourceTree = "<group>";
		};
		D43128DA26890BCA00E9CF62 /* Papers */ = {
			isa = PBXGroup;
			children = (
				D43128D926890BC300E9CF62 /* Files */,
				D43128D826890BBD00E9CF62 /* Supporting Files */,
			);
			path = Papers;
			sourceTree = "<group>";
		};
		D43128DB26890BD600E9CF62 /* Bundle Resources */ = {
			isa = PBXGroup;
			children = (
				8452073B268EE709001969CC /* 9702_s18_qp_21.pdf */,
				84CFCEAC2688F2B70016BC51 /* 9702_s18_ms_21.pdf */,
				84CFCEAD2688F2B70016BC51 /* 9702_s19_qp_21.pdf */,
				84B12BF7268AF9B100AD75C3 /* 9702_s19_ms_21.pdf */,
				84B207362693D8E400CD5953 /* 9702_w20_qp_22.pdf */,
				84B207382693D92D00CD5953 /* 9701_m20_qp_42.pdf */,
				84B2073A2693DAE600CD5953 /* 9702_s18_qp_42.pdf */,
				84956E6A265FEA4E009E971B /* Assets.xcassets */,
				84956E6F265FEA4E009E971B /* Info.plist */,
			);
			path = "Bundle Resources";
			sourceTree = "<group>";
		};
		D4FBCDFD26890CBC00D18196 /* Questions */ = {
			isa = PBXGroup;
			children = (
				84CFCEAA2688EF920016BC51 /* QuestionList.swift */,
				841E7418268AFB2B00E112B0 /* QuestionView.swift */,
			);
			path = Questions;
			sourceTree = "<group>";
		};
		D4FBCDFE26890CC500D18196 /* Models */ = {
			isa = PBXGroup;
			children = (
				84734D232692010000FAD98A /* Paper.swift */,
				84734D25269201F900FAD98A /* Answers.swift */,
				845A1D5B265FFFDC00237FFF /* QuestionPaper.swift */,
				84C7C6562694033B0058B3DB /* CabridgeMetaData.swift */,
				84C7C6542693F4A80058B3DB /* Vision.swift */,
				84C6B38F26909AC200642719 /* DocumentDirectory.swift */,
				841E741A268AFC7E00E112B0 /* MarkScheme.swift */,
				D4FBCE0026890D1E00D18196 /* Question.swift */,
				84B12BF32689E12200AD75C3 /* AnswerSheet.swift */,
				84CA0B9E268CEAF900D77BA7 /* Answer.swift */,
				8405F880268D1C7C000B3421 /* QuestionIndex.swift */,
				841E741F268B2A1200E112B0 /* Topic.swift */,
				D4FBCE0226890D4200D18196 /* PaperVariant.swift */,
				D4FBCE0426890D5500D18196 /* Subject.swift */,
			);
			path = Models;
			sourceTree = "<group>";
		};
		D4FBCDFF26890CFC00D18196 /* Views */ = {
			isa = PBXGroup;
			children = (
				84CFCEA62688EF110016BC51 /* PapersView.swift */,
				84734D2A2692057500FAD98A /* Elements */,
				841E741C268B28D200E112B0 /* Classifier */,
				D4FBCDFD26890CBC00D18196 /* Questions */,
				84734D2B269205A900FAD98A /* Answers */,
				84C7C6532693F42D0058B3DB /* Pdf */,
			);
			path = Views;
			sourceTree = "<group>";
		};
		D4FBCE0626890D6900D18196 /* Extensions */ = {
			isa = PBXGroup;
			children = (
				D4FBCE0726890D6E00D18196 /* Character+Extensions.swift */,
				D4FBCE0926890D8300D18196 /* NSRegularExpression+Extensions.swift */,
				D4FBCE0B26890DCE00D18196 /* PDFPage+Extensions.swift */,
				841E7421268B2D0300E112B0 /* PDFDocument+Extensions.swift */,
			);
			path = Extensions;
			sourceTree = "<group>";
		};
/* End PBXGroup section */

/* Begin PBXNativeTarget section */
		84956E62265FEA4C009E971B /* Papers */ = {
			isa = PBXNativeTarget;
			buildConfigurationList = 84956E88265FEA4E009E971B /* Build configuration list for PBXNativeTarget "Papers" */;
			buildPhases = (
				84956E5F265FEA4C009E971B /* Sources */,
				84956E60265FEA4C009E971B /* Frameworks */,
				84956E61265FEA4C009E971B /* Resources */,
			);
			buildRules = (
			);
			dependencies = (
			);
			name = Papers;
			packageProductDependencies = (
				84520739268EDDCC001969CC /* Filesystem */,
			);
			productName = Papers;
			productReference = 84956E63265FEA4C009E971B /* Papers.app */;
			productType = "com.apple.product-type.application";
		};
/* End PBXNativeTarget section */

/* Begin PBXProject section */
		84956E5B265FEA4C009E971B /* Project object */ = {
			isa = PBXProject;
			attributes = {
				LastSwiftUpdateCheck = 1240;
				LastUpgradeCheck = 1240;
				TargetAttributes = {
					84956E62265FEA4C009E971B = {
						CreatedOnToolsVersion = 12.4;
					};
				};
			};
			buildConfigurationList = 84956E5E265FEA4C009E971B /* Build configuration list for PBXProject "Papers" */;
			compatibilityVersion = "Xcode 9.3";
			developmentRegion = en;
			hasScannedForEncodings = 0;
			knownRegions = (
				en,
				Base,
			);
			mainGroup = 84956E5A265FEA4C009E971B;
			packageReferences = (
				84520738268EDDCC001969CC /* XCRemoteSwiftPackageReference "Filesystem" */,
			);
			productRefGroup = 84956E64265FEA4C009E971B /* Products */;
			projectDirPath = "";
			projectRoot = "";
			targets = (
				84956E62265FEA4C009E971B /* Papers */,
			);
		};
/* End PBXProject section */

/* Begin PBXResourcesBuildPhase section */
		84956E61265FEA4C009E971B /* Resources */ = {
			isa = PBXResourcesBuildPhase;
			buildActionMask = 2147483647;
			files = (
				84CFCEAE2688F2B70016BC51 /* 9702_s18_ms_21.pdf in Resources */,
				84B12BF8268AF9B100AD75C3 /* 9702_s19_ms_21.pdf in Resources */,
				8452073C268EE709001969CC /* 9702_s18_qp_21.pdf in Resources */,
				84CFCEAF2688F2B70016BC51 /* 9702_s19_qp_21.pdf in Resources */,
				84B2073B2693DAE600CD5953 /* 9702_s18_qp_42.pdf in Resources */,
				84B207392693D92D00CD5953 /* 9701_m20_qp_42.pdf in Resources */,
				84956E6B265FEA4E009E971B /* Assets.xcassets in Resources */,
				84B207372693D8E400CD5953 /* 9702_w20_qp_22.pdf in Resources */,
			);
			runOnlyForDeploymentPostprocessing = 0;
		};
/* End PBXResourcesBuildPhase section */

/* Begin PBXSourcesBuildPhase section */
		84956E5F265FEA4C009E971B /* Sources */ = {
			isa = PBXSourcesBuildPhase;
			buildActionMask = 2147483647;
			files = (
				841E7419268AFB2B00E112B0 /* QuestionView.swift in Sources */,
				848338D726839DC2008D2D58 /* AnswerField.swift in Sources */,
				84AE031B26919B9C00FAD4C6 /* IndexLetter.swift in Sources */,
				84734D242692010000FAD98A /* Paper.swift in Sources */,
				84734D28269203DB00FAD98A /* ButtonSymbol.swift in Sources */,
				84AE031D26919BA700FAD4C6 /* IndexNumeral.swift in Sources */,
				84CFCEAB2688EF920016BC51 /* QuestionList.swift in Sources */,
				84CA0B9F268CEAF900D77BA7 /* Answer.swift in Sources */,
				8405F881268D1C7C000B3421 /* QuestionIndex.swift in Sources */,
				8452073E268F4F43001969CC /* RoundedBorder.swift in Sources */,
				841E7420268B2A1200E112B0 /* Topic.swift in Sources */,
				841E741B268AFC7E00E112B0 /* MarkScheme.swift in Sources */,
				841E7424268B399B00E112B0 /* TopicView.swift in Sources */,
				84734D222691C8B500FAD98A /* ToolBar.swift in Sources */,
				84734D26269201F900FAD98A /* Answers.swift in Sources */,
				D4FBCE0126890D1E00D18196 /* Question.swift in Sources */,
				84AE031726919A2000FAD4C6 /* AnswersView.swift in Sources */,
				D4FBCE0326890D4200D18196 /* PaperVariant.swift in Sources */,
				84B12BF42689E12200AD75C3 /* AnswerSheet.swift in Sources */,
				841E741E268B291D00E112B0 /* Model.swift in Sources */,
				845A1D5C265FFFDC00237FFF /* QuestionPaper.swift in Sources */,
				D4FBCE0C26890DCE00D18196 /* PDFPage+Extensions.swift in Sources */,
				844282CE268108C30051EBB4 /* PDFPageView.swift in Sources */,
				84CFCEA72688EF110016BC51 /* PapersView.swift in Sources */,
				84C7C6572694033B0058B3DB /* CabridgeMetaData.swift in Sources */,
				D4FBCE0826890D6E00D18196 /* Character+Extensions.swift in Sources */,
				D4FBCE0526890D5500D18196 /* Subject.swift in Sources */,
				D4FBCE0A26890D8300D18196 /* NSRegularExpression+Extensions.swift in Sources */,
				84C6B39026909AC200642719 /* DocumentDirectory.swift in Sources */,
				84AE031926919B9100FAD4C6 /* IndexNumber.swift in Sources */,
				84956E67265FEA4C009E971B /* PapersApp.swift in Sources */,
				841E7422268B2D0300E112B0 /* PDFDocument+Extensions.swift in Sources */,
				84C7C6552693F4A80058B3DB /* Vision.swift in Sources */,
			);
			runOnlyForDeploymentPostprocessing = 0;
		};
/* End PBXSourcesBuildPhase section */

/* Begin XCBuildConfiguration section */
		84956E86265FEA4E009E971B /* Debug */ = {
			isa = XCBuildConfiguration;
			buildSettings = {
				ALWAYS_SEARCH_USER_PATHS = NO;
				CLANG_ANALYZER_NONNULL = YES;
				CLANG_ANALYZER_NUMBER_OBJECT_CONVERSION = YES_AGGRESSIVE;
				CLANG_CXX_LANGUAGE_STANDARD = "gnu++14";
				CLANG_CXX_LIBRARY = "libc++";
				CLANG_ENABLE_MODULES = YES;
				CLANG_ENABLE_OBJC_ARC = YES;
				CLANG_ENABLE_OBJC_WEAK = YES;
				CLANG_WARN_BLOCK_CAPTURE_AUTORELEASING = YES;
				CLANG_WARN_BOOL_CONVERSION = YES;
				CLANG_WARN_COMMA = YES;
				CLANG_WARN_CONSTANT_CONVERSION = YES;
				CLANG_WARN_DEPRECATED_OBJC_IMPLEMENTATIONS = YES;
				CLANG_WARN_DIRECT_OBJC_ISA_USAGE = YES_ERROR;
				CLANG_WARN_DOCUMENTATION_COMMENTS = YES;
				CLANG_WARN_EMPTY_BODY = YES;
				CLANG_WARN_ENUM_CONVERSION = YES;
				CLANG_WARN_INFINITE_RECURSION = YES;
				CLANG_WARN_INT_CONVERSION = YES;
				CLANG_WARN_NON_LITERAL_NULL_CONVERSION = YES;
				CLANG_WARN_OBJC_IMPLICIT_RETAIN_SELF = YES;
				CLANG_WARN_OBJC_LITERAL_CONVERSION = YES;
				CLANG_WARN_OBJC_ROOT_CLASS = YES_ERROR;
				CLANG_WARN_QUOTED_INCLUDE_IN_FRAMEWORK_HEADER = YES;
				CLANG_WARN_RANGE_LOOP_ANALYSIS = YES;
				CLANG_WARN_STRICT_PROTOTYPES = YES;
				CLANG_WARN_SUSPICIOUS_MOVE = YES;
				CLANG_WARN_UNGUARDED_AVAILABILITY = YES_AGGRESSIVE;
				CLANG_WARN_UNREACHABLE_CODE = YES;
				CLANG_WARN__DUPLICATE_METHOD_MATCH = YES;
				COPY_PHASE_STRIP = NO;
				DEBUG_INFORMATION_FORMAT = dwarf;
				ENABLE_STRICT_OBJC_MSGSEND = YES;
				ENABLE_TESTABILITY = YES;
				GCC_C_LANGUAGE_STANDARD = gnu11;
				GCC_DYNAMIC_NO_PIC = NO;
				GCC_NO_COMMON_BLOCKS = YES;
				GCC_OPTIMIZATION_LEVEL = 0;
				GCC_PREPROCESSOR_DEFINITIONS = (
					"DEBUG=1",
					"$(inherited)",
				);
				GCC_WARN_64_TO_32_BIT_CONVERSION = YES;
				GCC_WARN_ABOUT_RETURN_TYPE = YES_ERROR;
				GCC_WARN_UNDECLARED_SELECTOR = YES;
				GCC_WARN_UNINITIALIZED_AUTOS = YES_AGGRESSIVE;
				GCC_WARN_UNUSED_FUNCTION = YES;
				GCC_WARN_UNUSED_VARIABLE = YES;
				IPHONEOS_DEPLOYMENT_TARGET = 14.1;
				MTL_ENABLE_DEBUG_INFO = INCLUDE_SOURCE;
				MTL_FAST_MATH = YES;
				ONLY_ACTIVE_ARCH = YES;
				SDKROOT = iphoneos;
				SWIFT_ACTIVE_COMPILATION_CONDITIONS = DEBUG;
				SWIFT_OPTIMIZATION_LEVEL = "-Onone";
			};
			name = Debug;
		};
		84956E87265FEA4E009E971B /* Release */ = {
			isa = XCBuildConfiguration;
			buildSettings = {
				ALWAYS_SEARCH_USER_PATHS = NO;
				CLANG_ANALYZER_NONNULL = YES;
				CLANG_ANALYZER_NUMBER_OBJECT_CONVERSION = YES_AGGRESSIVE;
				CLANG_CXX_LANGUAGE_STANDARD = "gnu++14";
				CLANG_CXX_LIBRARY = "libc++";
				CLANG_ENABLE_MODULES = YES;
				CLANG_ENABLE_OBJC_ARC = YES;
				CLANG_ENABLE_OBJC_WEAK = YES;
				CLANG_WARN_BLOCK_CAPTURE_AUTORELEASING = YES;
				CLANG_WARN_BOOL_CONVERSION = YES;
				CLANG_WARN_COMMA = YES;
				CLANG_WARN_CONSTANT_CONVERSION = YES;
				CLANG_WARN_DEPRECATED_OBJC_IMPLEMENTATIONS = YES;
				CLANG_WARN_DIRECT_OBJC_ISA_USAGE = YES_ERROR;
				CLANG_WARN_DOCUMENTATION_COMMENTS = YES;
				CLANG_WARN_EMPTY_BODY = YES;
				CLANG_WARN_ENUM_CONVERSION = YES;
				CLANG_WARN_INFINITE_RECURSION = YES;
				CLANG_WARN_INT_CONVERSION = YES;
				CLANG_WARN_NON_LITERAL_NULL_CONVERSION = YES;
				CLANG_WARN_OBJC_IMPLICIT_RETAIN_SELF = YES;
				CLANG_WARN_OBJC_LITERAL_CONVERSION = YES;
				CLANG_WARN_OBJC_ROOT_CLASS = YES_ERROR;
				CLANG_WARN_QUOTED_INCLUDE_IN_FRAMEWORK_HEADER = YES;
				CLANG_WARN_RANGE_LOOP_ANALYSIS = YES;
				CLANG_WARN_STRICT_PROTOTYPES = YES;
				CLANG_WARN_SUSPICIOUS_MOVE = YES;
				CLANG_WARN_UNGUARDED_AVAILABILITY = YES_AGGRESSIVE;
				CLANG_WARN_UNREACHABLE_CODE = YES;
				CLANG_WARN__DUPLICATE_METHOD_MATCH = YES;
				COPY_PHASE_STRIP = NO;
				DEBUG_INFORMATION_FORMAT = "dwarf-with-dsym";
				ENABLE_NS_ASSERTIONS = NO;
				ENABLE_STRICT_OBJC_MSGSEND = YES;
				GCC_C_LANGUAGE_STANDARD = gnu11;
				GCC_NO_COMMON_BLOCKS = YES;
				GCC_WARN_64_TO_32_BIT_CONVERSION = YES;
				GCC_WARN_ABOUT_RETURN_TYPE = YES_ERROR;
				GCC_WARN_UNDECLARED_SELECTOR = YES;
				GCC_WARN_UNINITIALIZED_AUTOS = YES_AGGRESSIVE;
				GCC_WARN_UNUSED_FUNCTION = YES;
				GCC_WARN_UNUSED_VARIABLE = YES;
				IPHONEOS_DEPLOYMENT_TARGET = 14.1;
				MTL_ENABLE_DEBUG_INFO = NO;
				MTL_FAST_MATH = YES;
				SDKROOT = iphoneos;
				SWIFT_COMPILATION_MODE = wholemodule;
				SWIFT_OPTIMIZATION_LEVEL = "-O";
				VALIDATE_PRODUCT = YES;
			};
			name = Release;
		};
		84956E89265FEA4E009E971B /* Debug */ = {
			isa = XCBuildConfiguration;
			buildSettings = {
				ASSETCATALOG_COMPILER_APPICON_NAME = AppIcon;
				ASSETCATALOG_COMPILER_GLOBAL_ACCENT_COLOR_NAME = AccentColor;
				CODE_SIGN_STYLE = Automatic;
				DEVELOPMENT_TEAM = 4TRFJN4JM2;
				ENABLE_PREVIEWS = YES;
				INFOPLIST_FILE = "Targets/$TARGET_NAME/Supporting Files/Bundle Resources/Info.plist";
				IPHONEOS_DEPLOYMENT_TARGET = 14.0;
				LD_RUNPATH_SEARCH_PATHS = (
					"$(inherited)",
					"@executable_path/Frameworks",
				);
				PRODUCT_BUNDLE_IDENTIFIER = pmanot.Papers;
				PRODUCT_NAME = "$(TARGET_NAME)";
				SWIFT_VERSION = 5.0;
				TARGETED_DEVICE_FAMILY = "1,2";
			};
			name = Debug;
		};
		84956E8A265FEA4E009E971B /* Release */ = {
			isa = XCBuildConfiguration;
			buildSettings = {
				ASSETCATALOG_COMPILER_APPICON_NAME = AppIcon;
				ASSETCATALOG_COMPILER_GLOBAL_ACCENT_COLOR_NAME = AccentColor;
				CODE_SIGN_STYLE = Automatic;
				DEVELOPMENT_TEAM = 4TRFJN4JM2;
				ENABLE_PREVIEWS = YES;
				INFOPLIST_FILE = "Targets/$TARGET_NAME/Supporting Files/Bundle Resources/Info.plist";
				IPHONEOS_DEPLOYMENT_TARGET = 14.0;
				LD_RUNPATH_SEARCH_PATHS = (
					"$(inherited)",
					"@executable_path/Frameworks",
				);
				PRODUCT_BUNDLE_IDENTIFIER = pmanot.Papers;
				PRODUCT_NAME = "$(TARGET_NAME)";
				SWIFT_VERSION = 5.0;
				TARGETED_DEVICE_FAMILY = "1,2";
			};
			name = Release;
		};
/* End XCBuildConfiguration section */

/* Begin XCConfigurationList section */
		84956E5E265FEA4C009E971B /* Build configuration list for PBXProject "Papers" */ = {
			isa = XCConfigurationList;
			buildConfigurations = (
				84956E86265FEA4E009E971B /* Debug */,
				84956E87265FEA4E009E971B /* Release */,
			);
			defaultConfigurationIsVisible = 0;
			defaultConfigurationName = Release;
		};
		84956E88265FEA4E009E971B /* Build configuration list for PBXNativeTarget "Papers" */ = {
			isa = XCConfigurationList;
			buildConfigurations = (
				84956E89265FEA4E009E971B /* Debug */,
				84956E8A265FEA4E009E971B /* Release */,
			);
			defaultConfigurationIsVisible = 0;
			defaultConfigurationName = Release;
		};
/* End XCConfigurationList section */

/* Begin XCRemoteSwiftPackageReference section */
		84520738268EDDCC001969CC /* XCRemoteSwiftPackageReference "Filesystem" */ = {
			isa = XCRemoteSwiftPackageReference;
			repositoryURL = "https://github.com/vmanot/Filesystem";
			requirement = {
				branch = master;
				kind = branch;
			};
		};
/* End XCRemoteSwiftPackageReference section */

/* Begin XCSwiftPackageProductDependency section */
		84520739268EDDCC001969CC /* Filesystem */ = {
			isa = XCSwiftPackageProductDependency;
			package = 84520738268EDDCC001969CC /* XCRemoteSwiftPackageReference "Filesystem" */;
			productName = Filesystem;
		};
/* End XCSwiftPackageProductDependency section */
	};
	rootObject = 84956E5B265FEA4C009E971B /* Project object */;
}
